// !$*UTF8*$!
{
	archiveVersion = 1;
	classes = {
	};
	objectVersion = 46;
	objects = {

/* Begin PBXBuildFile section */
		B97C6D6E1A8BF0C7007E36A9 /* main.m in Sources */ = {isa = PBXBuildFile; fileRef = B97C6D6D1A8BF0C7007E36A9 /* main.m */; };
		B97C6D711A8BF0C7007E36A9 /* JGHAppDelegate.m in Sources */ = {isa = PBXBuildFile; fileRef = B97C6D701A8BF0C7007E36A9 /* JGHAppDelegate.m */; };
		B97C6D741A8BF0C7007E36A9 /* JGHViewController.m in Sources */ = {isa = PBXBuildFile; fileRef = B97C6D731A8BF0C7007E36A9 /* JGHViewController.m */; };
		B97C6D791A8BF0C7007E36A9 /* Images.xcassets in Resources */ = {isa = PBXBuildFile; fileRef = B97C6D781A8BF0C7007E36A9 /* Images.xcassets */; };
		B97C6D7C1A8BF0C7007E36A9 /* LaunchScreen.xib in Resources */ = {isa = PBXBuildFile; fileRef = B97C6D7A1A8BF0C7007E36A9 /* LaunchScreen.xib */; };
		B97C6D881A8BF0C8007E36A9 /* JGHKIFEvaluationTests.m in Sources */ = {isa = PBXBuildFile; fileRef = B97C6D871A8BF0C8007E36A9 /* JGHKIFEvaluationTests.m */; };
/* End PBXBuildFile section */

/* Begin PBXContainerItemProxy section */
		B97C6D821A8BF0C8007E36A9 /* PBXContainerItemProxy */ = {
			isa = PBXContainerItemProxy;
			containerPortal = B97C6D601A8BF0C7007E36A9 /* Project object */;
			proxyType = 1;
			remoteGlobalIDString = B97C6D671A8BF0C7007E36A9;
			remoteInfo = JGHKIFEvaluation;
		};
/* End PBXContainerItemProxy section */

/* Begin PBXFileReference section */
		B97C6D681A8BF0C7007E36A9 /* JGHKIFEvaluation.app */ = {isa = PBXFileReference; explicitFileType = wrapper.application; includeInIndex = 0; path = JGHKIFEvaluation.app; sourceTree = BUILT_PRODUCTS_DIR; };
		B97C6D6C1A8BF0C7007E36A9 /* Info.plist */ = {isa = PBXFileReference; lastKnownFileType = text.plist.xml; path = Info.plist; sourceTree = "<group>"; };
		B97C6D6D1A8BF0C7007E36A9 /* main.m */ = {isa = PBXFileReference; lastKnownFileType = sourcecode.c.objc; path = main.m; sourceTree = "<group>"; };
		B97C6D6F1A8BF0C7007E36A9 /* JGHAppDelegate.h */ = {isa = PBXFileReference; lastKnownFileType = sourcecode.c.h; path = JGHAppDelegate.h; sourceTree = "<group>"; };
		B97C6D701A8BF0C7007E36A9 /* JGHAppDelegate.m */ = {isa = PBXFileReference; lastKnownFileType = sourcecode.c.objc; path = JGHAppDelegate.m; sourceTree = "<group>"; };
		B97C6D721A8BF0C7007E36A9 /* JGHViewController.h */ = {isa = PBXFileReference; lastKnownFileType = sourcecode.c.h; path = JGHViewController.h; sourceTree = "<group>"; };
		B97C6D731A8BF0C7007E36A9 /* JGHViewController.m */ = {isa = PBXFileReference; lastKnownFileType = sourcecode.c.objc; path = JGHViewController.m; sourceTree = "<group>"; };
		B97C6D781A8BF0C7007E36A9 /* Images.xcassets */ = {isa = PBXFileReference; lastKnownFileType = folder.assetcatalog; path = Images.xcassets; sourceTree = "<group>"; };
		B97C6D7B1A8BF0C7007E36A9 /* Base */ = {isa = PBXFileReference; lastKnownFileType = file.xib; name = Base; path = Base.lproj/LaunchScreen.xib; sourceTree = "<group>"; };
		B97C6D811A8BF0C8007E36A9 /* JGHKIFEvaluationTests.xctest */ = {isa = PBXFileReference; explicitFileType = wrapper.cfbundle; includeInIndex = 0; path = JGHKIFEvaluationTests.xctest; sourceTree = BUILT_PRODUCTS_DIR; };
		B97C6D861A8BF0C8007E36A9 /* Info.plist */ = {isa = PBXFileReference; lastKnownFileType = text.plist.xml; path = Info.plist; sourceTree = "<group>"; };
		B97C6D871A8BF0C8007E36A9 /* JGHKIFEvaluationTests.m */ = {isa = PBXFileReference; lastKnownFileType = sourcecode.c.objc; path = JGHKIFEvaluationTests.m; sourceTree = "<group>"; };
		B97C6D911A8BF17B007E36A9 /* JGHKIFEvaluation-Prefix.pch */ = {isa = PBXFileReference; fileEncoding = 4; lastKnownFileType = sourcecode.c.h; path = "JGHKIFEvaluation-Prefix.pch"; sourceTree = "<group>"; };
		B97C6F521A8BF784007E36A9 /* JGHKIFEvaluationTests-Prefix.pch */ = {isa = PBXFileReference; fileEncoding = 4; lastKnownFileType = sourcecode.c.h; path = "JGHKIFEvaluationTests-Prefix.pch"; sourceTree = "<group>"; };
/* End PBXFileReference section */

/* Begin PBXFrameworksBuildPhase section */
		B97C6D651A8BF0C7007E36A9 /* Frameworks */ = {
			isa = PBXFrameworksBuildPhase;
			buildActionMask = 2147483647;
			files = (
			);
			runOnlyForDeploymentPostprocessing = 0;
		};
		B97C6D7E1A8BF0C8007E36A9 /* Frameworks */ = {
			isa = PBXFrameworksBuildPhase;
			buildActionMask = 2147483647;
			files = (
			);
			runOnlyForDeploymentPostprocessing = 0;
		};
/* End PBXFrameworksBuildPhase section */

/* Begin PBXGroup section */
		B97C6D5F1A8BF0C7007E36A9 = {
			isa = PBXGroup;
			children = (
				B97C6D6A1A8BF0C7007E36A9 /* JGHKIFEvaluation */,
				B97C6D841A8BF0C8007E36A9 /* JGHKIFEvaluationTests */,
				B97C6D691A8BF0C7007E36A9 /* Products */,
			);
			sourceTree = "<group>";
		};
		B97C6D691A8BF0C7007E36A9 /* Products */ = {
			isa = PBXGroup;
			children = (
				B97C6D681A8BF0C7007E36A9 /* JGHKIFEvaluation.app */,
				B97C6D811A8BF0C8007E36A9 /* JGHKIFEvaluationTests.xctest */,
			);
			name = Products;
			sourceTree = "<group>";
		};
		B97C6D6A1A8BF0C7007E36A9 /* JGHKIFEvaluation */ = {
			isa = PBXGroup;
			children = (
				B97C6D6F1A8BF0C7007E36A9 /* JGHAppDelegate.h */,
				B97C6D701A8BF0C7007E36A9 /* JGHAppDelegate.m */,
				B97C6D721A8BF0C7007E36A9 /* JGHViewController.h */,
				B97C6D731A8BF0C7007E36A9 /* JGHViewController.m */,
				B97C6D911A8BF17B007E36A9 /* JGHKIFEvaluation-Prefix.pch */,
				B97C6D781A8BF0C7007E36A9 /* Images.xcassets */,
				B97C6D7A1A8BF0C7007E36A9 /* LaunchScreen.xib */,
				B97C6D6B1A8BF0C7007E36A9 /* Supporting Files */,
			);
			path = JGHKIFEvaluation;
			sourceTree = "<group>";
		};
		B97C6D6B1A8BF0C7007E36A9 /* Supporting Files */ = {
			isa = PBXGroup;
			children = (
				B97C6D6C1A8BF0C7007E36A9 /* Info.plist */,
				B97C6D6D1A8BF0C7007E36A9 /* main.m */,
			);
			name = "Supporting Files";
			sourceTree = "<group>";
		};
		B97C6D841A8BF0C8007E36A9 /* JGHKIFEvaluationTests */ = {
			isa = PBXGroup;
			children = (
				B97C6D871A8BF0C8007E36A9 /* JGHKIFEvaluationTests.m */,
				B97C6F521A8BF784007E36A9 /* JGHKIFEvaluationTests-Prefix.pch */,
				B97C6D851A8BF0C8007E36A9 /* Supporting Files */,
			);
			path = JGHKIFEvaluationTests;
			sourceTree = "<group>";
		};
		B97C6D851A8BF0C8007E36A9 /* Supporting Files */ = {
			isa = PBXGroup;
			children = (
				B97C6D861A8BF0C8007E36A9 /* Info.plist */,
			);
			name = "Supporting Files";
			sourceTree = "<group>";
		};
/* End PBXGroup section */

/* Begin PBXNativeTarget section */
		B97C6D671A8BF0C7007E36A9 /* JGHKIFEvaluation */ = {
			isa = PBXNativeTarget;
			buildConfigurationList = B97C6D8B1A8BF0C8007E36A9 /* Build configuration list for PBXNativeTarget "JGHKIFEvaluation" */;
			buildPhases = (
				B97C6D641A8BF0C7007E36A9 /* Sources */,
				B97C6D651A8BF0C7007E36A9 /* Frameworks */,
				B97C6D661A8BF0C7007E36A9 /* Resources */,
			);
			buildRules = (
			);
			dependencies = (
			);
			name = JGHKIFEvaluation;
			productName = JGHKIFEvaluation;
			productReference = B97C6D681A8BF0C7007E36A9 /* JGHKIFEvaluation.app */;
			productType = "com.apple.product-type.application";
		};
		B97C6D801A8BF0C8007E36A9 /* JGHKIFEvaluationTests */ = {
			isa = PBXNativeTarget;
			buildConfigurationList = B97C6D8E1A8BF0C8007E36A9 /* Build configuration list for PBXNativeTarget "JGHKIFEvaluationTests" */;
			buildPhases = (
				B97C6D7D1A8BF0C8007E36A9 /* Sources */,
				B97C6D7E1A8BF0C8007E36A9 /* Frameworks */,
				B97C6D7F1A8BF0C8007E36A9 /* Resources */,
			);
			buildRules = (
			);
			dependencies = (
				B97C6D831A8BF0C8007E36A9 /* PBXTargetDependency */,
			);
			name = JGHKIFEvaluationTests;
			productName = JGHKIFEvaluationTests;
			productReference = B97C6D811A8BF0C8007E36A9 /* JGHKIFEvaluationTests.xctest */;
			productType = "com.apple.product-type.bundle.unit-test";
		};
/* End PBXNativeTarget section */

/* Begin PBXProject section */
		B97C6D601A8BF0C7007E36A9 /* Project object */ = {
			isa = PBXProject;
			attributes = {
				LastUpgradeCheck = 0610;
				ORGANIZATIONNAME = "Julian Grosshauser";
				TargetAttributes = {
					B97C6D671A8BF0C7007E36A9 = {
						CreatedOnToolsVersion = 6.1.1;
					};
					B97C6D801A8BF0C8007E36A9 = {
						CreatedOnToolsVersion = 6.1.1;
						TestTargetID = B97C6D671A8BF0C7007E36A9;
					};
				};
			};
			buildConfigurationList = B97C6D631A8BF0C7007E36A9 /* Build configuration list for PBXProject "JGHKIFEvaluation" */;
			compatibilityVersion = "Xcode 3.2";
			developmentRegion = English;
			hasScannedForEncodings = 0;
			knownRegions = (
				en,
				Base,
			);
			mainGroup = B97C6D5F1A8BF0C7007E36A9;
			productRefGroup = B97C6D691A8BF0C7007E36A9 /* Products */;
			projectDirPath = "";
			projectRoot = "";
			targets = (
				B97C6D671A8BF0C7007E36A9 /* JGHKIFEvaluation */,
				B97C6D801A8BF0C8007E36A9 /* JGHKIFEvaluationTests */,
			);
		};
/* End PBXProject section */

/* Begin PBXResourcesBuildPhase section */
		B97C6D661A8BF0C7007E36A9 /* Resources */ = {
			isa = PBXResourcesBuildPhase;
			buildActionMask = 2147483647;
			files = (
				B97C6D7C1A8BF0C7007E36A9 /* LaunchScreen.xib in Resources */,
				B97C6D791A8BF0C7007E36A9 /* Images.xcassets in Resources */,
			);
			runOnlyForDeploymentPostprocessing = 0;
		};
		B97C6D7F1A8BF0C8007E36A9 /* Resources */ = {
			isa = PBXResourcesBuildPhase;
			buildActionMask = 2147483647;
			files = (
			);
			runOnlyForDeploymentPostprocessing = 0;
		};
/* End PBXResourcesBuildPhase section */

/* Begin PBXSourcesBuildPhase section */
		B97C6D641A8BF0C7007E36A9 /* Sources */ = {
			isa = PBXSourcesBuildPhase;
			buildActionMask = 2147483647;
			files = (
				B97C6D741A8BF0C7007E36A9 /* JGHViewController.m in Sources */,
				B97C6D711A8BF0C7007E36A9 /* JGHAppDelegate.m in Sources */,
				B97C6D6E1A8BF0C7007E36A9 /* main.m in Sources */,
			);
			runOnlyForDeploymentPostprocessing = 0;
		};
		B97C6D7D1A8BF0C8007E36A9 /* Sources */ = {
			isa = PBXSourcesBuildPhase;
			buildActionMask = 2147483647;
			files = (
				B97C6D881A8BF0C8007E36A9 /* JGHKIFEvaluationTests.m in Sources */,
			);
			runOnlyForDeploymentPostprocessing = 0;
		};
/* End PBXSourcesBuildPhase section */

/* Begin PBXTargetDependency section */
		B97C6D831A8BF0C8007E36A9 /* PBXTargetDependency */ = {
			isa = PBXTargetDependency;
			target = B97C6D671A8BF0C7007E36A9 /* JGHKIFEvaluation */;
			targetProxy = B97C6D821A8BF0C8007E36A9 /* PBXContainerItemProxy */;
		};
/* End PBXTargetDependency section */

/* Begin PBXVariantGroup section */
		B97C6D7A1A8BF0C7007E36A9 /* LaunchScreen.xib */ = {
			isa = PBXVariantGroup;
			children = (
				B97C6D7B1A8BF0C7007E36A9 /* Base */,
			);
			name = LaunchScreen.xib;
			sourceTree = "<group>";
		};
/* End PBXVariantGroup section */

/* Begin XCBuildConfiguration section */
		B97C6D891A8BF0C8007E36A9 /* Debug */ = {
			isa = XCBuildConfiguration;
			buildSettings = {
				ALWAYS_SEARCH_USER_PATHS = NO;
				CLANG_CXX_LANGUAGE_STANDARD = "gnu++0x";
				CLANG_CXX_LIBRARY = "libc++";
				CLANG_ENABLE_MODULES = YES;
				CLANG_ENABLE_OBJC_ARC = YES;
				CLANG_WARN_BOOL_CONVERSION = YES;
				CLANG_WARN_CONSTANT_CONVERSION = YES;
				CLANG_WARN_DIRECT_OBJC_ISA_USAGE = YES_ERROR;
				CLANG_WARN_EMPTY_BODY = YES;
				CLANG_WARN_ENUM_CONVERSION = YES;
				CLANG_WARN_INT_CONVERSION = YES;
				CLANG_WARN_OBJC_ROOT_CLASS = YES_ERROR;
				CLANG_WARN_UNREACHABLE_CODE = YES;
				CLANG_WARN__DUPLICATE_METHOD_MATCH = YES;
				"CODE_SIGN_IDENTITY[sdk=iphoneos*]" = "iPhone Developer";
				COPY_PHASE_STRIP = NO;
				ENABLE_STRICT_OBJC_MSGSEND = YES;
				GCC_C_LANGUAGE_STANDARD = gnu99;
				GCC_DYNAMIC_NO_PIC = NO;
				GCC_OPTIMIZATION_LEVEL = 0;
				GCC_PRECOMPILE_PREFIX_HEADER = NO;
				GCC_PREFIX_HEADER = "";
				GCC_PREPROCESSOR_DEFINITIONS = (
					"DEBUG=1",
					"$(inherited)",
				);
				GCC_SYMBOLS_PRIVATE_EXTERN = NO;
				GCC_WARN_64_TO_32_BIT_CONVERSION = YES;
				GCC_WARN_ABOUT_RETURN_TYPE = YES_ERROR;
				GCC_WARN_UNDECLARED_SELECTOR = YES;
				GCC_WARN_UNINITIALIZED_AUTOS = YES_AGGRESSIVE;
				GCC_WARN_UNUSED_FUNCTION = YES;
				GCC_WARN_UNUSED_VARIABLE = YES;
				IPHONEOS_DEPLOYMENT_TARGET = 8.1;
				MTL_ENABLE_DEBUG_INFO = YES;
				ONLY_ACTIVE_ARCH = YES;
				SDKROOT = iphoneos;
				TARGETED_DEVICE_FAMILY = "1,2";
			};
			name = Debug;
		};
		B97C6D8A1A8BF0C8007E36A9 /* Release */ = {
			isa = XCBuildConfiguration;
			buildSettings = {
				ALWAYS_SEARCH_USER_PATHS = NO;
				CLANG_CXX_LANGUAGE_STANDARD = "gnu++0x";
				CLANG_CXX_LIBRARY = "libc++";
				CLANG_ENABLE_MODULES = YES;
				CLANG_ENABLE_OBJC_ARC = YES;
				CLANG_WARN_BOOL_CONVERSION = YES;
				CLANG_WARN_CONSTANT_CONVERSION = YES;
				CLANG_WARN_DIRECT_OBJC_ISA_USAGE = YES_ERROR;
				CLANG_WARN_EMPTY_BODY = YES;
				CLANG_WARN_ENUM_CONVERSION = YES;
				CLANG_WARN_INT_CONVERSION = YES;
				CLANG_WARN_OBJC_ROOT_CLASS = YES_ERROR;
				CLANG_WARN_UNREACHABLE_CODE = YES;
				CLANG_WARN__DUPLICATE_METHOD_MATCH = YES;
				"CODE_SIGN_IDENTITY[sdk=iphoneos*]" = "iPhone Developer";
				COPY_PHASE_STRIP = YES;
				ENABLE_NS_ASSERTIONS = NO;
				ENABLE_STRICT_OBJC_MSGSEND = YES;
				GCC_C_LANGUAGE_STANDARD = gnu99;
				GCC_PRECOMPILE_PREFIX_HEADER = NO;
				GCC_PREFIX_HEADER = "";
				GCC_WARN_64_TO_32_BIT_CONVERSION = YES;
				GCC_WARN_ABOUT_RETURN_TYPE = YES_ERROR;
				GCC_WARN_UNDECLARED_SELECTOR = YES;
				GCC_WARN_UNINITIALIZED_AUTOS = YES_AGGRESSIVE;
				GCC_WARN_UNUSED_FUNCTION = YES;
				GCC_WARN_UNUSED_VARIABLE = YES;
				IPHONEOS_DEPLOYMENT_TARGET = 8.1;
				MTL_ENABLE_DEBUG_INFO = NO;
				SDKROOT = iphoneos;
				TARGETED_DEVICE_FAMILY = "1,2";
				VALIDATE_PRODUCT = YES;
			};
			name = Release;
		};
		B97C6D8C1A8BF0C8007E36A9 /* Debug */ = {
			isa = XCBuildConfiguration;
			buildSettings = {
				ASSETCATALOG_COMPILER_APPICON_NAME = AppIcon;
				GCC_PRECOMPILE_PREFIX_HEADER = YES;
				GCC_PREFIX_HEADER = "$(PROJECT_DIR)/$(PRODUCT_NAME)/$(PRODUCT_NAME)-Prefix.pch";
				INFOPLIST_FILE = JGHKIFEvaluation/Info.plist;
				LD_RUNPATH_SEARCH_PATHS = "$(inherited) @executable_path/Frameworks";
				PRODUCT_NAME = "$(TARGET_NAME)";
			};
			name = Debug;
		};
		B97C6D8D1A8BF0C8007E36A9 /* Release */ = {
			isa = XCBuildConfiguration;
			buildSettings = {
				ASSETCATALOG_COMPILER_APPICON_NAME = AppIcon;
				GCC_PRECOMPILE_PREFIX_HEADER = YES;
				GCC_PREFIX_HEADER = "$(PROJECT_DIR)/$(PRODUCT_NAME)/$(PRODUCT_NAME)-Prefix.pch";
				INFOPLIST_FILE = JGHKIFEvaluation/Info.plist;
				LD_RUNPATH_SEARCH_PATHS = "$(inherited) @executable_path/Frameworks";
				PRODUCT_NAME = "$(TARGET_NAME)";
			};
			name = Release;
		};
		B97C6D8F1A8BF0C8007E36A9 /* Debug */ = {
			isa = XCBuildConfiguration;
			buildSettings = {
				BUNDLE_LOADER = "$(TEST_HOST)";
				FRAMEWORK_SEARCH_PATHS = (
					"$(SDKROOT)/Developer/Library/Frameworks",
					"$(inherited)",
				);
				GCC_PRECOMPILE_PREFIX_HEADER = YES;
				GCC_PREFIX_HEADER = "$(PROJECT_DIR)/$(PRODUCT_NAME)/$(PRODUCT_NAME)-Prefix.pch";
				GCC_PREPROCESSOR_DEFINITIONS = (
					"DEBUG=1",
					"$(inherited)",
				);
				INFOPLIST_FILE = JGHKIFEvaluationTests/Info.plist;
				LD_RUNPATH_SEARCH_PATHS = "$(inherited) @executable_path/Frameworks";
				LIBRARY_SEARCH_PATHS = "$(inherited)";
				OTHER_LDFLAGS = (
					"$(inherited)",
					"-framework",
					XCTest,
					"-ObjC",
				);
				PRODUCT_NAME = "$(TARGET_NAME)";
				TEST_HOST = "$(BUILT_PRODUCTS_DIR)/JGHKIFEvaluation.app/JGHKIFEvaluation";
			};
			name = Debug;
		};
		B97C6D901A8BF0C8007E36A9 /* Release */ = {
			isa = XCBuildConfiguration;
			buildSettings = {
				BUNDLE_LOADER = "$(TEST_HOST)";
				FRAMEWORK_SEARCH_PATHS = (
					"$(SDKROOT)/Developer/Library/Frameworks",
					"$(inherited)",
				);
				GCC_PRECOMPILE_PREFIX_HEADER = YES;
				GCC_PREFIX_HEADER = "$(PROJECT_DIR)/$(PRODUCT_NAME)/$(PRODUCT_NAME)-Prefix.pch";
				INFOPLIST_FILE = JGHKIFEvaluationTests/Info.plist;
				LD_RUNPATH_SEARCH_PATHS = "$(inherited) @executable_path/Frameworks";
				LIBRARY_SEARCH_PATHS = "$(inherited)";
				OTHER_LDFLAGS = (
					"$(inherited)",
					"-framework",
					XCTest,
					"-ObjC",
				);
				PRODUCT_NAME = "$(TARGET_NAME)";
				TEST_HOST = "$(BUILT_PRODUCTS_DIR)/JGHKIFEvaluation.app/JGHKIFEvaluation";
			};
			name = Release;
		};
/* End XCBuildConfiguration section */

/* Begin XCConfigurationList section */
		B97C6D631A8BF0C7007E36A9 /* Build configuration list for PBXProject "JGHKIFEvaluation" */ = {
			isa = XCConfigurationList;
			buildConfigurations = (
				B97C6D891A8BF0C8007E36A9 /* Debug */,
				B97C6D8A1A8BF0C8007E36A9 /* Release */,
			);
			defaultConfigurationIsVisible = 0;
			defaultConfigurationName = Release;
		};
		B97C6D8B1A8BF0C8007E36A9 /* Build configuration list for PBXNativeTarget "JGHKIFEvaluation" */ = {
			isa = XCConfigurationList;
			buildConfigurations = (
				B97C6D8C1A8BF0C8007E36A9 /* Debug */,
				B97C6D8D1A8BF0C8007E36A9 /* Release */,
			);
			defaultConfigurationIsVisible = 0;
			defaultConfigurationName = Release;
		};
		B97C6D8E1A8BF0C8007E36A9 /* Build configuration list for PBXNativeTarget "JGHKIFEvaluationTests" */ = {
			isa = XCConfigurationList;
			buildConfigurations = (
				B97C6D8F1A8BF0C8007E36A9 /* Debug */,
				B97C6D901A8BF0C8007E36A9 /* Release */,
			);
			defaultConfigurationIsVisible = 0;
			defaultConfigurationName = Release;
		};
/* End XCConfigurationList section */
	};
	rootObject = B97C6D601A8BF0C7007E36A9 /* Project object */;
}
