// !$*UTF8*$!
{
	archiveVersion = 1;
	classes = {
	};
	objectVersion = 46;
	objects = {

/* Begin PBXBuildFile section */
		B97C6D6E1A8BF0C7007E36A9 /* main.m in Sources */ = {isa = PBXBuildFile; fileRef = B97C6D6D1A8BF0C7007E36A9 /* main.m */; };
		B97C6D711A8BF0C7007E36A9 /* JGHAppDelegate.m in Sources */ = {isa = PBXBuildFile; fileRef = B97C6D701A8BF0C7007E36A9 /* JGHAppDelegate.m */; };
		B97C6D741A8BF0C7007E36A9 /* JGHViewController.m in Sources */ = {isa = PBXBuildFile; fileRef = B97C6D731A8BF0C7007E36A9 /* JGHViewController.m */; };
		B97C6D791A8BF0C7007E36A9 /* Images.xcassets in Resources */ = {isa = PBXBuildFile; fileRef = B97C6D781A8BF0C7007E36A9 /* Images.xcassets */; };
		B97C6D7C1A8BF0C7007E36A9 /* LaunchScreen.xib in Resources */ = {isa = PBXBuildFile; fileRef = B97C6D7A1A8BF0C7007E36A9 /* LaunchScreen.xib */; };
		B97C6D881A8BF0C8007E36A9 /* JGHKIFEvaluationTests.m in Sources */ = {isa = PBXBuildFile; fileRef = B97C6D871A8BF0C8007E36A9 /* JGHKIFEvaluationTests.m */; };
		B97C704F1A8BF8D9007E36A9 /* libKIF.a in Frameworks */ = {isa = PBXBuildFile; fileRef = B97C70391A8BF8BF007E36A9 /* libKIF.a */; };
		B97C70671A8BFA44007E36A9 /* CoreGraphics.framework in Frameworks */ = {isa = PBXBuildFile; fileRef = B97C70661A8BFA44007E36A9 /* CoreGraphics.framework */; };
/* End PBXBuildFile section */

/* Begin PBXContainerItemProxy section */
		B97C6D821A8BF0C8007E36A9 /* PBXContainerItemProxy */ = {
			isa = PBXContainerItemProxy;
			containerPortal = B97C6D601A8BF0C7007E36A9 /* Project object */;
			proxyType = 1;
			remoteGlobalIDString = B97C6D671A8BF0C7007E36A9;
			remoteInfo = JGHKIFEvaluation;
		};
		B97C702E1A8BF8BF007E36A9 /* PBXContainerItemProxy */ = {
			isa = PBXContainerItemProxy;
			containerPortal = B97C6FAA1A8BF8BE007E36A9 /* Calculator.xcodeproj */;
			proxyType = 2;
			remoteGlobalIDString = EB4C30D9167B9E3A00E31109;
			remoteInfo = Calculator;
		};
		B97C70301A8BF8BF007E36A9 /* PBXContainerItemProxy */ = {
			isa = PBXContainerItemProxy;
			containerPortal = B97C6FAA1A8BF8BE007E36A9 /* Calculator.xcodeproj */;
			proxyType = 2;
			remoteGlobalIDString = EB4C313F167BA79700E31109;
			remoteInfo = "Acceptance Tests";
		};
		B97C70381A8BF8BF007E36A9 /* PBXContainerItemProxy */ = {
			isa = PBXContainerItemProxy;
			containerPortal = B97C700E1A8BF8BF007E36A9 /* KIF.xcodeproj */;
			proxyType = 2;
			remoteGlobalIDString = EABD46AA1857A0C700A5F081;
			remoteInfo = KIF;
		};
		B97C703A1A8BF8BF007E36A9 /* PBXContainerItemProxy */ = {
			isa = PBXContainerItemProxy;
			containerPortal = B97C700E1A8BF8BF007E36A9 /* KIF.xcodeproj */;
			proxyType = 2;
			remoteGlobalIDString = EB72047C1680DDAD00278DA2;
			remoteInfo = "KIF-OCUnit";
		};
		B97C703C1A8BF8BF007E36A9 /* PBXContainerItemProxy */ = {
			isa = PBXContainerItemProxy;
			containerPortal = B97C700E1A8BF8BF007E36A9 /* KIF.xcodeproj */;
			proxyType = 2;
			remoteGlobalIDString = EB60ECC1177F8C83005A041A;
			remoteInfo = "Test Host";
		};
		B97C703E1A8BF8BF007E36A9 /* PBXContainerItemProxy */ = {
			isa = PBXContainerItemProxy;
			containerPortal = B97C700E1A8BF8BF007E36A9 /* KIF.xcodeproj */;
			proxyType = 2;
			remoteGlobalIDString = EABD46CD1857A0F300A5F081;
			remoteInfo = "KIF Tests";
		};
		B97C70401A8BF8BF007E36A9 /* PBXContainerItemProxy */ = {
			isa = PBXContainerItemProxy;
			containerPortal = B97C700E1A8BF8BF007E36A9 /* KIF.xcodeproj */;
			proxyType = 2;
			remoteGlobalIDString = EB60ECEB177F8DB3005A041A;
			remoteInfo = "KIF Tests-OCUnit";
		};
		B97C70441A8BF8BF007E36A9 /* PBXContainerItemProxy */ = {
			isa = PBXContainerItemProxy;
			containerPortal = B97C6FD41A8BF8BE007E36A9 /* Testable Swift.xcodeproj */;
			proxyType = 2;
			remoteGlobalIDString = A88CD97D1A019AFF0064F706;
			remoteInfo = "Testable Swift";
		};
		B97C70461A8BF8BF007E36A9 /* PBXContainerItemProxy */ = {
			isa = PBXContainerItemProxy;
			containerPortal = B97C6FD41A8BF8BE007E36A9 /* Testable Swift.xcodeproj */;
			proxyType = 2;
			remoteGlobalIDString = A88CD9941A019AFF0064F706;
			remoteInfo = "Testable SwiftTests";
		};
		B97C704A1A8BF8BF007E36A9 /* PBXContainerItemProxy */ = {
			isa = PBXContainerItemProxy;
			containerPortal = B97C6FC61A8BF8BE007E36A9 /* Testable.xcodeproj */;
			proxyType = 2;
			remoteGlobalIDString = AAB073A8139861C0008AF393;
			remoteInfo = Testable;
		};
		B97C704C1A8BF8BF007E36A9 /* PBXContainerItemProxy */ = {
			isa = PBXContainerItemProxy;
			containerPortal = B97C6FC61A8BF8BE007E36A9 /* Testable.xcodeproj */;
			proxyType = 2;
			remoteGlobalIDString = EB9DB7321781DBD40087B6FD;
			remoteInfo = "Acceptance Tests";
		};
		B97C705C1A8BF985007E36A9 /* PBXContainerItemProxy */ = {
			isa = PBXContainerItemProxy;
			containerPortal = B97C70531A8BF985007E36A9 /* KIF.xcodeproj */;
			proxyType = 2;
			remoteGlobalIDString = EABD46AA1857A0C700A5F081;
			remoteInfo = KIF;
		};
		B97C705E1A8BF985007E36A9 /* PBXContainerItemProxy */ = {
			isa = PBXContainerItemProxy;
			containerPortal = B97C70531A8BF985007E36A9 /* KIF.xcodeproj */;
			proxyType = 2;
			remoteGlobalIDString = EB72047C1680DDAD00278DA2;
			remoteInfo = "KIF-OCUnit";
		};
		B97C70601A8BF985007E36A9 /* PBXContainerItemProxy */ = {
			isa = PBXContainerItemProxy;
			containerPortal = B97C70531A8BF985007E36A9 /* KIF.xcodeproj */;
			proxyType = 2;
			remoteGlobalIDString = EB60ECC1177F8C83005A041A;
			remoteInfo = "Test Host";
		};
		B97C70621A8BF985007E36A9 /* PBXContainerItemProxy */ = {
			isa = PBXContainerItemProxy;
			containerPortal = B97C70531A8BF985007E36A9 /* KIF.xcodeproj */;
			proxyType = 2;
			remoteGlobalIDString = EABD46CD1857A0F300A5F081;
			remoteInfo = "KIF Tests";
		};
		B97C70641A8BF985007E36A9 /* PBXContainerItemProxy */ = {
			isa = PBXContainerItemProxy;
			containerPortal = B97C70531A8BF985007E36A9 /* KIF.xcodeproj */;
			proxyType = 2;
			remoteGlobalIDString = EB60ECEB177F8DB3005A041A;
			remoteInfo = "KIF Tests-OCUnit";
		};
/* End PBXContainerItemProxy section */

/* Begin PBXFileReference section */
		B97C6D681A8BF0C7007E36A9 /* JGHKIFEvaluation.app */ = {isa = PBXFileReference; explicitFileType = wrapper.application; includeInIndex = 0; path = JGHKIFEvaluation.app; sourceTree = BUILT_PRODUCTS_DIR; };
		B97C6D6C1A8BF0C7007E36A9 /* Info.plist */ = {isa = PBXFileReference; lastKnownFileType = text.plist.xml; path = Info.plist; sourceTree = "<group>"; };
		B97C6D6D1A8BF0C7007E36A9 /* main.m */ = {isa = PBXFileReference; lastKnownFileType = sourcecode.c.objc; path = main.m; sourceTree = "<group>"; };
		B97C6D6F1A8BF0C7007E36A9 /* JGHAppDelegate.h */ = {isa = PBXFileReference; lastKnownFileType = sourcecode.c.h; path = JGHAppDelegate.h; sourceTree = "<group>"; };
		B97C6D701A8BF0C7007E36A9 /* JGHAppDelegate.m */ = {isa = PBXFileReference; lastKnownFileType = sourcecode.c.objc; path = JGHAppDelegate.m; sourceTree = "<group>"; };
		B97C6D721A8BF0C7007E36A9 /* JGHViewController.h */ = {isa = PBXFileReference; lastKnownFileType = sourcecode.c.h; path = JGHViewController.h; sourceTree = "<group>"; };
		B97C6D731A8BF0C7007E36A9 /* JGHViewController.m */ = {isa = PBXFileReference; lastKnownFileType = sourcecode.c.objc; path = JGHViewController.m; sourceTree = "<group>"; };
		B97C6D781A8BF0C7007E36A9 /* Images.xcassets */ = {isa = PBXFileReference; lastKnownFileType = folder.assetcatalog; path = Images.xcassets; sourceTree = "<group>"; };
		B97C6D7B1A8BF0C7007E36A9 /* Base */ = {isa = PBXFileReference; lastKnownFileType = file.xib; name = Base; path = Base.lproj/LaunchScreen.xib; sourceTree = "<group>"; };
		B97C6D811A8BF0C8007E36A9 /* JGHKIFEvaluationTests.xctest */ = {isa = PBXFileReference; explicitFileType = wrapper.cfbundle; includeInIndex = 0; path = JGHKIFEvaluationTests.xctest; sourceTree = BUILT_PRODUCTS_DIR; };
		B97C6D861A8BF0C8007E36A9 /* Info.plist */ = {isa = PBXFileReference; lastKnownFileType = text.plist.xml; path = Info.plist; sourceTree = "<group>"; };
		B97C6D871A8BF0C8007E36A9 /* JGHKIFEvaluationTests.m */ = {isa = PBXFileReference; lastKnownFileType = sourcecode.c.objc; path = JGHKIFEvaluationTests.m; sourceTree = "<group>"; };
		B97C6D911A8BF17B007E36A9 /* JGHKIFEvaluation-Prefix.pch */ = {isa = PBXFileReference; fileEncoding = 4; lastKnownFileType = sourcecode.c.h; path = "JGHKIFEvaluation-Prefix.pch"; sourceTree = "<group>"; };
		B97C6F521A8BF784007E36A9 /* JGHKIFEvaluationTests-Prefix.pch */ = {isa = PBXFileReference; fileEncoding = 4; lastKnownFileType = sourcecode.c.h; path = "JGHKIFEvaluationTests-Prefix.pch"; sourceTree = "<group>"; };
		B97C6F571A8BF8BE007E36A9 /* .gitignore */ = {isa = PBXFileReference; lastKnownFileType = text; path = .gitignore; sourceTree = "<group>"; };
		B97C6F581A8BF8BE007E36A9 /* .travis.yml */ = {isa = PBXFileReference; lastKnownFileType = text; path = .travis.yml; sourceTree = "<group>"; };
		B97C6F5A1A8BF8BE007E36A9 /* CGGeometry-KIFAdditions.h */ = {isa = PBXFileReference; lastKnownFileType = sourcecode.c.h; path = "CGGeometry-KIFAdditions.h"; sourceTree = "<group>"; };
		B97C6F5B1A8BF8BE007E36A9 /* CGGeometry-KIFAdditions.m */ = {isa = PBXFileReference; lastKnownFileType = sourcecode.c.objc; path = "CGGeometry-KIFAdditions.m"; sourceTree = "<group>"; };
		B97C6F5C1A8BF8BE007E36A9 /* LoadableCategory.h */ = {isa = PBXFileReference; lastKnownFileType = sourcecode.c.h; path = LoadableCategory.h; sourceTree = "<group>"; };
		B97C6F5D1A8BF8BE007E36A9 /* NSBundle-KIFAdditions.h */ = {isa = PBXFileReference; lastKnownFileType = sourcecode.c.h; path = "NSBundle-KIFAdditions.h"; sourceTree = "<group>"; };
		B97C6F5E1A8BF8BE007E36A9 /* NSBundle-KIFAdditions.m */ = {isa = PBXFileReference; lastKnownFileType = sourcecode.c.objc; path = "NSBundle-KIFAdditions.m"; sourceTree = "<group>"; };
		B97C6F5F1A8BF8BE007E36A9 /* NSError-KIFAdditions.h */ = {isa = PBXFileReference; lastKnownFileType = sourcecode.c.h; path = "NSError-KIFAdditions.h"; sourceTree = "<group>"; };
		B97C6F601A8BF8BE007E36A9 /* NSError-KIFAdditions.m */ = {isa = PBXFileReference; lastKnownFileType = sourcecode.c.objc; path = "NSError-KIFAdditions.m"; sourceTree = "<group>"; };
		B97C6F611A8BF8BE007E36A9 /* NSException-KIFAdditions.h */ = {isa = PBXFileReference; lastKnownFileType = sourcecode.c.h; path = "NSException-KIFAdditions.h"; sourceTree = "<group>"; };
		B97C6F621A8BF8BE007E36A9 /* NSException-KIFAdditions.m */ = {isa = PBXFileReference; lastKnownFileType = sourcecode.c.objc; path = "NSException-KIFAdditions.m"; sourceTree = "<group>"; };
		B97C6F631A8BF8BE007E36A9 /* NSFileManager-KIFAdditions.h */ = {isa = PBXFileReference; lastKnownFileType = sourcecode.c.h; path = "NSFileManager-KIFAdditions.h"; sourceTree = "<group>"; };
		B97C6F641A8BF8BE007E36A9 /* NSFileManager-KIFAdditions.m */ = {isa = PBXFileReference; lastKnownFileType = sourcecode.c.objc; path = "NSFileManager-KIFAdditions.m"; sourceTree = "<group>"; };
		B97C6F651A8BF8BE007E36A9 /* SenTestCase-KIFAdditions.h */ = {isa = PBXFileReference; lastKnownFileType = sourcecode.c.h; path = "SenTestCase-KIFAdditions.h"; sourceTree = "<group>"; };
		B97C6F661A8BF8BE007E36A9 /* SenTestCase-KIFAdditions.m */ = {isa = PBXFileReference; lastKnownFileType = sourcecode.c.objc; path = "SenTestCase-KIFAdditions.m"; sourceTree = "<group>"; };
		B97C6F671A8BF8BE007E36A9 /* UIAccessibilityElement-KIFAdditions.h */ = {isa = PBXFileReference; lastKnownFileType = sourcecode.c.h; path = "UIAccessibilityElement-KIFAdditions.h"; sourceTree = "<group>"; };
		B97C6F681A8BF8BE007E36A9 /* UIAccessibilityElement-KIFAdditions.m */ = {isa = PBXFileReference; lastKnownFileType = sourcecode.c.objc; path = "UIAccessibilityElement-KIFAdditions.m"; sourceTree = "<group>"; };
		B97C6F691A8BF8BE007E36A9 /* UIApplication-KIFAdditions.h */ = {isa = PBXFileReference; lastKnownFileType = sourcecode.c.h; path = "UIApplication-KIFAdditions.h"; sourceTree = "<group>"; };
		B97C6F6A1A8BF8BE007E36A9 /* UIApplication-KIFAdditions.m */ = {isa = PBXFileReference; lastKnownFileType = sourcecode.c.objc; path = "UIApplication-KIFAdditions.m"; sourceTree = "<group>"; };
		B97C6F6B1A8BF8BE007E36A9 /* UIScrollView-KIFAdditions.h */ = {isa = PBXFileReference; lastKnownFileType = sourcecode.c.h; path = "UIScrollView-KIFAdditions.h"; sourceTree = "<group>"; };
		B97C6F6C1A8BF8BE007E36A9 /* UIScrollView-KIFAdditions.m */ = {isa = PBXFileReference; lastKnownFileType = sourcecode.c.objc; path = "UIScrollView-KIFAdditions.m"; sourceTree = "<group>"; };
		B97C6F6D1A8BF8BE007E36A9 /* UITableView-KIFAdditions.h */ = {isa = PBXFileReference; lastKnownFileType = sourcecode.c.h; path = "UITableView-KIFAdditions.h"; sourceTree = "<group>"; };
		B97C6F6E1A8BF8BE007E36A9 /* UITableView-KIFAdditions.m */ = {isa = PBXFileReference; lastKnownFileType = sourcecode.c.objc; path = "UITableView-KIFAdditions.m"; sourceTree = "<group>"; };
		B97C6F6F1A8BF8BE007E36A9 /* UITouch-KIFAdditions.h */ = {isa = PBXFileReference; lastKnownFileType = sourcecode.c.h; path = "UITouch-KIFAdditions.h"; sourceTree = "<group>"; };
		B97C6F701A8BF8BE007E36A9 /* UITouch-KIFAdditions.m */ = {isa = PBXFileReference; lastKnownFileType = sourcecode.c.objc; path = "UITouch-KIFAdditions.m"; sourceTree = "<group>"; };
		B97C6F711A8BF8BE007E36A9 /* UIView-KIFAdditions.h */ = {isa = PBXFileReference; lastKnownFileType = sourcecode.c.h; path = "UIView-KIFAdditions.h"; sourceTree = "<group>"; };
		B97C6F721A8BF8BE007E36A9 /* UIView-KIFAdditions.m */ = {isa = PBXFileReference; lastKnownFileType = sourcecode.c.objc; path = "UIView-KIFAdditions.m"; sourceTree = "<group>"; };
		B97C6F731A8BF8BE007E36A9 /* UIWindow-KIFAdditions.h */ = {isa = PBXFileReference; lastKnownFileType = sourcecode.c.h; path = "UIWindow-KIFAdditions.h"; sourceTree = "<group>"; };
		B97C6F741A8BF8BE007E36A9 /* UIWindow-KIFAdditions.m */ = {isa = PBXFileReference; lastKnownFileType = sourcecode.c.objc; path = "UIWindow-KIFAdditions.m"; sourceTree = "<group>"; };
		B97C6F751A8BF8BE007E36A9 /* XCTestCase-KIFAdditions.h */ = {isa = PBXFileReference; lastKnownFileType = sourcecode.c.h; path = "XCTestCase-KIFAdditions.h"; sourceTree = "<group>"; };
		B97C6F761A8BF8BE007E36A9 /* XCTestCase-KIFAdditions.m */ = {isa = PBXFileReference; lastKnownFileType = sourcecode.c.objc; path = "XCTestCase-KIFAdditions.m"; sourceTree = "<group>"; };
		B97C6F781A8BF8BE007E36A9 /* KIF-Prefix.pch */ = {isa = PBXFileReference; lastKnownFileType = sourcecode.c.h; path = "KIF-Prefix.pch"; sourceTree = "<group>"; };
		B97C6F791A8BF8BE007E36A9 /* KIF-XCTestPrefix.pch */ = {isa = PBXFileReference; lastKnownFileType = sourcecode.c.h; path = "KIF-XCTestPrefix.pch"; sourceTree = "<group>"; };
		B97C6F7A1A8BF8BE007E36A9 /* KIF.h */ = {isa = PBXFileReference; lastKnownFileType = sourcecode.c.h; path = KIF.h; sourceTree = "<group>"; };
		B97C6F7B1A8BF8BE007E36A9 /* KIFSystemTestActor.h */ = {isa = PBXFileReference; lastKnownFileType = sourcecode.c.h; path = KIFSystemTestActor.h; sourceTree = "<group>"; };
		B97C6F7C1A8BF8BE007E36A9 /* KIFSystemTestActor.m */ = {isa = PBXFileReference; lastKnownFileType = sourcecode.c.objc; path = KIFSystemTestActor.m; sourceTree = "<group>"; };
		B97C6F7D1A8BF8BE007E36A9 /* KIFTestActor.h */ = {isa = PBXFileReference; lastKnownFileType = sourcecode.c.h; path = KIFTestActor.h; sourceTree = "<group>"; };
		B97C6F7E1A8BF8BE007E36A9 /* KIFTestActor.m */ = {isa = PBXFileReference; lastKnownFileType = sourcecode.c.objc; path = KIFTestActor.m; sourceTree = "<group>"; };
		B97C6F7F1A8BF8BE007E36A9 /* KIFTestCase.h */ = {isa = PBXFileReference; lastKnownFileType = sourcecode.c.h; path = KIFTestCase.h; sourceTree = "<group>"; };
		B97C6F801A8BF8BE007E36A9 /* KIFTestCase.m */ = {isa = PBXFileReference; lastKnownFileType = sourcecode.c.objc; path = KIFTestCase.m; sourceTree = "<group>"; };
		B97C6F811A8BF8BE007E36A9 /* KIFTestStepValidation.h */ = {isa = PBXFileReference; lastKnownFileType = sourcecode.c.h; path = KIFTestStepValidation.h; sourceTree = "<group>"; };
		B97C6F821A8BF8BE007E36A9 /* KIFTestStepValidation.m */ = {isa = PBXFileReference; lastKnownFileType = sourcecode.c.objc; path = KIFTestStepValidation.m; sourceTree = "<group>"; };
		B97C6F831A8BF8BE007E36A9 /* KIFTypist.h */ = {isa = PBXFileReference; lastKnownFileType = sourcecode.c.h; path = KIFTypist.h; sourceTree = "<group>"; };
		B97C6F841A8BF8BE007E36A9 /* KIFTypist.m */ = {isa = PBXFileReference; lastKnownFileType = sourcecode.c.objc; path = KIFTypist.m; sourceTree = "<group>"; };
		B97C6F851A8BF8BE007E36A9 /* KIFUITestActor-ConditionalTests.h */ = {isa = PBXFileReference; lastKnownFileType = sourcecode.c.h; path = "KIFUITestActor-ConditionalTests.h"; sourceTree = "<group>"; };
		B97C6F861A8BF8BE007E36A9 /* KIFUITestActor-ConditionalTests.m */ = {isa = PBXFileReference; lastKnownFileType = sourcecode.c.objc; path = "KIFUITestActor-ConditionalTests.m"; sourceTree = "<group>"; };
		B97C6F871A8BF8BE007E36A9 /* KIFUITestActor.h */ = {isa = PBXFileReference; lastKnownFileType = sourcecode.c.h; path = KIFUITestActor.h; sourceTree = "<group>"; };
		B97C6F881A8BF8BE007E36A9 /* KIFUITestActor.m */ = {isa = PBXFileReference; lastKnownFileType = sourcecode.c.objc; path = KIFUITestActor.m; sourceTree = "<group>"; };
		B97C6F891A8BF8BE007E36A9 /* UIAutomationHelper.h */ = {isa = PBXFileReference; lastKnownFileType = sourcecode.c.h; path = UIAutomationHelper.h; sourceTree = "<group>"; };
		B97C6F8A1A8BF8BE007E36A9 /* UIAutomationHelper.m */ = {isa = PBXFileReference; lastKnownFileType = sourcecode.c.objc; path = UIAutomationHelper.m; sourceTree = "<group>"; };
		B97C6F8F1A8BF8BE007E36A9 /* Acceptance Tests-Info.plist */ = {isa = PBXFileReference; lastKnownFileType = text.plist.xml; path = "Acceptance Tests-Info.plist"; sourceTree = "<group>"; };
		B97C6F901A8BF8BE007E36A9 /* Acceptance Tests-Prefix.pch */ = {isa = PBXFileReference; lastKnownFileType = sourcecode.c.h; path = "Acceptance Tests-Prefix.pch"; sourceTree = "<group>"; };
		B97C6F911A8BF8BE007E36A9 /* BasicCalculatorTests.m */ = {isa = PBXFileReference; lastKnownFileType = sourcecode.c.objc; path = BasicCalculatorTests.m; sourceTree = "<group>"; };
		B97C6F931A8BF8BE007E36A9 /* en */ = {isa = PBXFileReference; lastKnownFileType = text.plist.strings; name = en; path = en.lproj/InfoPlist.strings; sourceTree = "<group>"; };
		B97C6F941A8BF8BE007E36A9 /* Acceptance Tests copy-Info.plist */ = {isa = PBXFileReference; lastKnownFileType = text.plist.xml; path = "Acceptance Tests copy-Info.plist"; sourceTree = "<group>"; };
		B97C6F961A8BF8BE007E36A9 /* AboutViewController.h */ = {isa = PBXFileReference; lastKnownFileType = sourcecode.c.h; path = AboutViewController.h; sourceTree = "<group>"; };
		B97C6F971A8BF8BE007E36A9 /* AboutViewController.m */ = {isa = PBXFileReference; lastKnownFileType = sourcecode.c.objc; path = AboutViewController.m; sourceTree = "<group>"; };
		B97C6F981A8BF8BE007E36A9 /* AboutViewController.xib */ = {isa = PBXFileReference; lastKnownFileType = file.xib; path = AboutViewController.xib; sourceTree = "<group>"; };
		B97C6F991A8BF8BE007E36A9 /* AppDelegate.h */ = {isa = PBXFileReference; lastKnownFileType = sourcecode.c.h; path = AppDelegate.h; sourceTree = "<group>"; };
		B97C6F9A1A8BF8BE007E36A9 /* AppDelegate.m */ = {isa = PBXFileReference; lastKnownFileType = sourcecode.c.objc; path = AppDelegate.m; sourceTree = "<group>"; };
		B97C6F9B1A8BF8BE007E36A9 /* BasicCalculatorViewController.h */ = {isa = PBXFileReference; lastKnownFileType = sourcecode.c.h; path = BasicCalculatorViewController.h; sourceTree = "<group>"; };
		B97C6F9C1A8BF8BE007E36A9 /* BasicCalculatorViewController.m */ = {isa = PBXFileReference; lastKnownFileType = sourcecode.c.objc; path = BasicCalculatorViewController.m; sourceTree = "<group>"; };
		B97C6F9D1A8BF8BE007E36A9 /* Calculator-Info.plist */ = {isa = PBXFileReference; lastKnownFileType = text.plist.xml; path = "Calculator-Info.plist"; sourceTree = "<group>"; };
		B97C6F9E1A8BF8BE007E36A9 /* Calculator-Prefix.pch */ = {isa = PBXFileReference; lastKnownFileType = sourcecode.c.h; path = "Calculator-Prefix.pch"; sourceTree = "<group>"; };
		B97C6F9F1A8BF8BE007E36A9 /* Default-568h@2x.png */ = {isa = PBXFileReference; lastKnownFileType = image.png; path = "Default-568h@2x.png"; sourceTree = "<group>"; };
		B97C6FA01A8BF8BE007E36A9 /* Default.png */ = {isa = PBXFileReference; lastKnownFileType = image.png; path = Default.png; sourceTree = "<group>"; };
		B97C6FA11A8BF8BE007E36A9 /* Default@2x.png */ = {isa = PBXFileReference; lastKnownFileType = image.png; path = "Default@2x.png"; sourceTree = "<group>"; };
		B97C6FA31A8BF8BE007E36A9 /* en */ = {isa = PBXFileReference; lastKnownFileType = file.xib; name = en; path = en.lproj/BasicCalculatorViewController.xib; sourceTree = "<group>"; };
		B97C6FA51A8BF8BE007E36A9 /* en */ = {isa = PBXFileReference; lastKnownFileType = text.plist.strings; name = en; path = en.lproj/InfoPlist.strings; sourceTree = "<group>"; };
		B97C6FA61A8BF8BE007E36A9 /* HomeViewController.h */ = {isa = PBXFileReference; lastKnownFileType = sourcecode.c.h; path = HomeViewController.h; sourceTree = "<group>"; };
		B97C6FA71A8BF8BE007E36A9 /* HomeViewController.m */ = {isa = PBXFileReference; lastKnownFileType = sourcecode.c.objc; path = HomeViewController.m; sourceTree = "<group>"; };
		B97C6FA81A8BF8BE007E36A9 /* HomeViewController.xib */ = {isa = PBXFileReference; lastKnownFileType = file.xib; path = HomeViewController.xib; sourceTree = "<group>"; };
		B97C6FA91A8BF8BE007E36A9 /* main.m */ = {isa = PBXFileReference; lastKnownFileType = sourcecode.c.objc; path = main.m; sourceTree = "<group>"; };
		B97C6FAA1A8BF8BE007E36A9 /* Calculator.xcodeproj */ = {isa = PBXFileReference; lastKnownFileType = "wrapper.pb-project"; path = Calculator.xcodeproj; sourceTree = "<group>"; };
		B97C6FB01A8BF8BE007E36A9 /* Acceptance Tests-Info.plist */ = {isa = PBXFileReference; lastKnownFileType = text.plist.xml; path = "Acceptance Tests-Info.plist"; sourceTree = "<group>"; };
		B97C6FB11A8BF8BE007E36A9 /* Acceptance Tests-Prefix.pch */ = {isa = PBXFileReference; lastKnownFileType = sourcecode.c.h; path = "Acceptance Tests-Prefix.pch"; sourceTree = "<group>"; };
		B97C6FB31A8BF8BE007E36A9 /* en */ = {isa = PBXFileReference; lastKnownFileType = text.plist.strings; name = en; path = en.lproj/InfoPlist.strings; sourceTree = "<group>"; };
		B97C6FB41A8BF8BE007E36A9 /* IntegrationTestCases.m */ = {isa = PBXFileReference; lastKnownFileType = sourcecode.c.objc; path = IntegrationTestCases.m; sourceTree = "<group>"; };
		B97C6FB51A8BF8BE007E36A9 /* KIFUITestActor+EXAddition.h */ = {isa = PBXFileReference; lastKnownFileType = sourcecode.c.h; path = "KIFUITestActor+EXAddition.h"; sourceTree = "<group>"; };
		B97C6FB61A8BF8BE007E36A9 /* KIFUITestActor+EXAddition.m */ = {isa = PBXFileReference; lastKnownFileType = sourcecode.c.objc; path = "KIFUITestActor+EXAddition.m"; sourceTree = "<group>"; };
		B97C6FB71A8BF8BE007E36A9 /* Default-568h@2x.png */ = {isa = PBXFileReference; lastKnownFileType = image.png; path = "Default-568h@2x.png"; sourceTree = "<group>"; };
		B97C6FBA1A8BF8BE007E36A9 /* en */ = {isa = PBXFileReference; lastKnownFileType = text.plist.strings; name = en; path = en.lproj/InfoPlist.strings; sourceTree = "<group>"; };
		B97C6FBC1A8BF8BE007E36A9 /* en */ = {isa = PBXFileReference; lastKnownFileType = file.xib; name = en; path = en.lproj/MainWindow.xib; sourceTree = "<group>"; };
		B97C6FBE1A8BF8BE007E36A9 /* en */ = {isa = PBXFileReference; lastKnownFileType = file.xib; name = en; path = en.lproj/RootViewController.xib; sourceTree = "<group>"; };
		B97C6FBF1A8BF8BE007E36A9 /* main.m */ = {isa = PBXFileReference; lastKnownFileType = sourcecode.c.objc; path = main.m; sourceTree = "<group>"; };
		B97C6FC01A8BF8BE007E36A9 /* RootViewController.h */ = {isa = PBXFileReference; lastKnownFileType = sourcecode.c.h; path = RootViewController.h; sourceTree = "<group>"; };
		B97C6FC11A8BF8BE007E36A9 /* RootViewController.m */ = {isa = PBXFileReference; lastKnownFileType = sourcecode.c.objc; path = RootViewController.m; sourceTree = "<group>"; };
		B97C6FC21A8BF8BE007E36A9 /* Testable-Info.plist */ = {isa = PBXFileReference; lastKnownFileType = text.plist.xml; path = "Testable-Info.plist"; sourceTree = "<group>"; };
		B97C6FC31A8BF8BE007E36A9 /* Testable-Prefix.pch */ = {isa = PBXFileReference; lastKnownFileType = sourcecode.c.h; path = "Testable-Prefix.pch"; sourceTree = "<group>"; };
		B97C6FC41A8BF8BE007E36A9 /* TestableAppDelegate.h */ = {isa = PBXFileReference; lastKnownFileType = sourcecode.c.h; path = TestableAppDelegate.h; sourceTree = "<group>"; };
		B97C6FC51A8BF8BE007E36A9 /* TestableAppDelegate.m */ = {isa = PBXFileReference; lastKnownFileType = sourcecode.c.objc; path = TestableAppDelegate.m; sourceTree = "<group>"; };
		B97C6FC61A8BF8BE007E36A9 /* Testable.xcodeproj */ = {isa = PBXFileReference; lastKnownFileType = "wrapper.pb-project"; path = Testable.xcodeproj; sourceTree = "<group>"; };
		B97C6FC91A8BF8BE007E36A9 /* Testable.xcworkspace */ = {isa = PBXFileReference; lastKnownFileType = wrapper.workspace; path = Testable.xcworkspace; sourceTree = "<group>"; };
		B97C6FCC1A8BF8BE007E36A9 /* AppDelegate.swift */ = {isa = PBXFileReference; lastKnownFileType = sourcecode.swift; path = AppDelegate.swift; sourceTree = "<group>"; };
		B97C6FCE1A8BF8BE007E36A9 /* Base */ = {isa = PBXFileReference; lastKnownFileType = file.xib; name = Base; path = Base.lproj/LaunchScreen.xib; sourceTree = "<group>"; };
		B97C6FD01A8BF8BE007E36A9 /* Base */ = {isa = PBXFileReference; lastKnownFileType = file.storyboard; name = Base; path = Base.lproj/Main.storyboard; sourceTree = "<group>"; };
		B97C6FD11A8BF8BE007E36A9 /* Images.xcassets */ = {isa = PBXFileReference; lastKnownFileType = folder.assetcatalog; path = Images.xcassets; sourceTree = "<group>"; };
		B97C6FD21A8BF8BE007E36A9 /* Info.plist */ = {isa = PBXFileReference; lastKnownFileType = text.plist.xml; path = Info.plist; sourceTree = "<group>"; };
		B97C6FD31A8BF8BE007E36A9 /* MasterViewController.swift */ = {isa = PBXFileReference; lastKnownFileType = sourcecode.swift; path = MasterViewController.swift; sourceTree = "<group>"; };
		B97C6FD41A8BF8BE007E36A9 /* Testable Swift.xcodeproj */ = {isa = PBXFileReference; lastKnownFileType = "wrapper.pb-project"; path = "Testable Swift.xcodeproj"; sourceTree = "<group>"; };
		B97C6FD91A8BF8BF007E36A9 /* Info.plist */ = {isa = PBXFileReference; lastKnownFileType = text.plist.xml; path = Info.plist; sourceTree = "<group>"; };
		B97C6FDA1A8BF8BF007E36A9 /* SimpleObjCTest.m */ = {isa = PBXFileReference; lastKnownFileType = sourcecode.c.objc; path = SimpleObjCTest.m; sourceTree = "<group>"; };
		B97C6FDB1A8BF8BF007E36A9 /* SimpleSwiftTest.swift */ = {isa = PBXFileReference; lastKnownFileType = sourcecode.swift; path = SimpleSwiftTest.swift; sourceTree = "<group>"; };
		B97C6FDC1A8BF8BF007E36A9 /* Testable SwiftTests-Bridging-Header.h */ = {isa = PBXFileReference; lastKnownFileType = sourcecode.c.h; path = "Testable SwiftTests-Bridging-Header.h"; sourceTree = "<group>"; };
		B97C6FDD1A8BF8BF007E36A9 /* Testable_SwiftTests.swift */ = {isa = PBXFileReference; lastKnownFileType = sourcecode.swift; path = Testable_SwiftTests.swift; sourceTree = "<group>"; };
		B97C6FDF1A8BF8BF007E36A9 /* Add Category Linker Flags.png */ = {isa = PBXFileReference; lastKnownFileType = image.png; path = "Add Category Linker Flags.png"; sourceTree = "<group>"; };
		B97C6FE01A8BF8BF007E36A9 /* Add Header Search Paths.png */ = {isa = PBXFileReference; lastKnownFileType = image.png; path = "Add Header Search Paths.png"; sourceTree = "<group>"; };
		B97C6FE11A8BF8BF007E36A9 /* Add KIF Preprocessor Macro.png */ = {isa = PBXFileReference; lastKnownFileType = image.png; path = "Add KIF Preprocessor Macro.png"; sourceTree = "<group>"; };
		B97C6FE21A8BF8BF007E36A9 /* Add Library Sheet.png */ = {isa = PBXFileReference; lastKnownFileType = image.png; path = "Add Library Sheet.png"; sourceTree = "<group>"; };
		B97C6FE31A8BF8BF007E36A9 /* Add Library.png */ = {isa = PBXFileReference; lastKnownFileType = image.png; path = "Add Library.png"; sourceTree = "<group>"; };
		B97C6FE41A8BF8BF007E36A9 /* Added KIF to Project.png */ = {isa = PBXFileReference; lastKnownFileType = image.png; path = "Added KIF to Project.png"; sourceTree = "<group>"; };
		B97C6FE51A8BF8BF007E36A9 /* Create Workspace.png */ = {isa = PBXFileReference; lastKnownFileType = image.png; path = "Create Workspace.png"; sourceTree = "<group>"; };
		B97C6FE61A8BF8BF007E36A9 /* Duplicate Target Confirmation.png */ = {isa = PBXFileReference; lastKnownFileType = image.png; path = "Duplicate Target Confirmation.png"; sourceTree = "<group>"; };
		B97C6FE71A8BF8BF007E36A9 /* Duplicate Target.png */ = {isa = PBXFileReference; lastKnownFileType = image.png; path = "Duplicate Target.png"; sourceTree = "<group>"; };
		B97C6FE81A8BF8BF007E36A9 /* Rename Product.png */ = {isa = PBXFileReference; lastKnownFileType = image.png; path = "Rename Product.png"; sourceTree = "<group>"; };
		B97C6FE91A8BF8BF007E36A9 /* Rename Target.png */ = {isa = PBXFileReference; lastKnownFileType = image.png; path = "Rename Target.png"; sourceTree = "<group>"; };
		B97C6FEA1A8BF8BF007E36A9 /* Simple App.png */ = {isa = PBXFileReference; lastKnownFileType = image.png; path = "Simple App.png"; sourceTree = "<group>"; };
		B97C6FEB1A8BF8BF007E36A9 /* Test Action Composition.md */ = {isa = PBXFileReference; lastKnownFileType = net.daringfireball.markdown; path = "Test Action Composition.md"; sourceTree = "<group>"; };
		B97C6FED1A8BF8BF007E36A9 /* KIFUITestActor-IdentifierTests.h */ = {isa = PBXFileReference; lastKnownFileType = sourcecode.c.h; path = "KIFUITestActor-IdentifierTests.h"; sourceTree = "<group>"; };
		B97C6FEE1A8BF8BF007E36A9 /* KIFUITestActor-IdentifierTests.m */ = {isa = PBXFileReference; lastKnownFileType = sourcecode.c.objc; path = "KIFUITestActor-IdentifierTests.m"; sourceTree = "<group>"; };
		B97C6FF01A8BF8BF007E36A9 /* AccessibilityIdentifierTests.m */ = {isa = PBXFileReference; lastKnownFileType = sourcecode.c.objc; path = AccessibilityIdentifierTests.m; sourceTree = "<group>"; };
		B97C6FF11A8BF8BF007E36A9 /* CascadingFailureTests.m */ = {isa = PBXFileReference; lastKnownFileType = sourcecode.c.objc; path = CascadingFailureTests.m; sourceTree = "<group>"; };
		B97C6FF21A8BF8BF007E36A9 /* CollectionViewTests.m */ = {isa = PBXFileReference; lastKnownFileType = sourcecode.c.objc; path = CollectionViewTests.m; sourceTree = "<group>"; };
		B97C6FF31A8BF8BF007E36A9 /* CompositionTests.m */ = {isa = PBXFileReference; lastKnownFileType = sourcecode.c.objc; path = CompositionTests.m; sourceTree = "<group>"; };
		B97C6FF51A8BF8BF007E36A9 /* en */ = {isa = PBXFileReference; lastKnownFileType = text.plist.strings; name = en; path = en.lproj/InfoPlist.strings; sourceTree = "<group>"; };
		B97C6FF61A8BF8BF007E36A9 /* ExistTests.m */ = {isa = PBXFileReference; lastKnownFileType = sourcecode.c.objc; path = ExistTests.m; sourceTree = "<group>"; };
		B97C6FF71A8BF8BF007E36A9 /* GestureTests.m */ = {isa = PBXFileReference; lastKnownFileType = sourcecode.c.objc; path = GestureTests.m; sourceTree = "<group>"; };
		B97C6FF81A8BF8BF007E36A9 /* KIF Tests-Info.plist */ = {isa = PBXFileReference; lastKnownFileType = text.plist.xml; path = "KIF Tests-Info.plist"; sourceTree = "<group>"; };
		B97C6FF91A8BF8BF007E36A9 /* KIF Tests-Prefix.pch */ = {isa = PBXFileReference; lastKnownFileType = sourcecode.c.h; path = "KIF Tests-Prefix.pch"; sourceTree = "<group>"; };
		B97C6FFA1A8BF8BF007E36A9 /* KIF XCTests-Prefix.pch */ = {isa = PBXFileReference; lastKnownFileType = sourcecode.c.h; path = "KIF XCTests-Prefix.pch"; sourceTree = "<group>"; };
		B97C6FFB1A8BF8BF007E36A9 /* LandscapeTests.m */ = {isa = PBXFileReference; lastKnownFileType = sourcecode.c.objc; path = LandscapeTests.m; sourceTree = "<group>"; };
		B97C6FFC1A8BF8BF007E36A9 /* LongPressTests.m */ = {isa = PBXFileReference; lastKnownFileType = sourcecode.c.objc; path = LongPressTests.m; sourceTree = "<group>"; };
		B97C6FFD1A8BF8BF007E36A9 /* ModalViewTests.m */ = {isa = PBXFileReference; lastKnownFileType = sourcecode.c.objc; path = ModalViewTests.m; sourceTree = "<group>"; };
		B97C6FFE1A8BF8BF007E36A9 /* MultiFingerTests.m */ = {isa = PBXFileReference; lastKnownFileType = sourcecode.c.objc; path = MultiFingerTests.m; sourceTree = "<group>"; };
		B97C6FFF1A8BF8BF007E36A9 /* PickerTests.m */ = {isa = PBXFileReference; lastKnownFileType = sourcecode.c.objc; path = PickerTests.m; sourceTree = "<group>"; };
		B97C70001A8BF8BF007E36A9 /* ScrollViewTests.m */ = {isa = PBXFileReference; lastKnownFileType = sourcecode.c.objc; path = ScrollViewTests.m; sourceTree = "<group>"; };
		B97C70011A8BF8BF007E36A9 /* SearchFieldTests.m */ = {isa = PBXFileReference; lastKnownFileType = sourcecode.c.objc; path = SearchFieldTests.m; sourceTree = "<group>"; };
		B97C70021A8BF8BF007E36A9 /* SpecificControlTests.m */ = {isa = PBXFileReference; lastKnownFileType = sourcecode.c.objc; path = SpecificControlTests.m; sourceTree = "<group>"; };
		B97C70031A8BF8BF007E36A9 /* SystemAlertTests.m */ = {isa = PBXFileReference; lastKnownFileType = sourcecode.c.objc; path = SystemAlertTests.m; sourceTree = "<group>"; };
		B97C70041A8BF8BF007E36A9 /* SystemTests.m */ = {isa = PBXFileReference; lastKnownFileType = sourcecode.c.objc; path = SystemTests.m; sourceTree = "<group>"; };
		B97C70051A8BF8BF007E36A9 /* TableViewTests.m */ = {isa = PBXFileReference; lastKnownFileType = sourcecode.c.objc; path = TableViewTests.m; sourceTree = "<group>"; };
		B97C70061A8BF8BF007E36A9 /* TappingTests.m */ = {isa = PBXFileReference; lastKnownFileType = sourcecode.c.objc; path = TappingTests.m; sourceTree = "<group>"; };
		B97C70071A8BF8BF007E36A9 /* TypingTests.m */ = {isa = PBXFileReference; lastKnownFileType = sourcecode.c.objc; path = TypingTests.m; sourceTree = "<group>"; };
		B97C70081A8BF8BF007E36A9 /* WaitForAbscenceTests.m */ = {isa = PBXFileReference; lastKnownFileType = sourcecode.c.objc; path = WaitForAbscenceTests.m; sourceTree = "<group>"; };
		B97C70091A8BF8BF007E36A9 /* WaitForAnimationTests.m */ = {isa = PBXFileReference; lastKnownFileType = sourcecode.c.objc; path = WaitForAnimationTests.m; sourceTree = "<group>"; };
		B97C700A1A8BF8BF007E36A9 /* WaitForTappableViewTests.m */ = {isa = PBXFileReference; lastKnownFileType = sourcecode.c.objc; path = WaitForTappableViewTests.m; sourceTree = "<group>"; };
		B97C700B1A8BF8BF007E36A9 /* WaitForViewTests.m */ = {isa = PBXFileReference; lastKnownFileType = sourcecode.c.objc; path = WaitForViewTests.m; sourceTree = "<group>"; };
		B97C700C1A8BF8BF007E36A9 /* WebViewTests.m */ = {isa = PBXFileReference; lastKnownFileType = sourcecode.c.objc; path = WebViewTests.m; sourceTree = "<group>"; };
		B97C700D1A8BF8BF007E36A9 /* KIF.podspec */ = {isa = PBXFileReference; lastKnownFileType = text; path = KIF.podspec; sourceTree = "<group>"; };
		B97C700E1A8BF8BF007E36A9 /* KIF.xcodeproj */ = {isa = PBXFileReference; lastKnownFileType = "wrapper.pb-project"; path = KIF.xcodeproj; sourceTree = "<group>"; };
		B97C70111A8BF8BF007E36A9 /* LICENSE */ = {isa = PBXFileReference; lastKnownFileType = text; path = LICENSE; sourceTree = "<group>"; };
		B97C70121A8BF8BF007E36A9 /* README.md */ = {isa = PBXFileReference; lastKnownFileType = net.daringfireball.markdown; path = README.md; sourceTree = "<group>"; };
		B97C70141A8BF8BF007E36A9 /* AnimationViewController.m */ = {isa = PBXFileReference; lastKnownFileType = sourcecode.c.objc; path = AnimationViewController.m; sourceTree = "<group>"; };
		B97C70151A8BF8BF007E36A9 /* AppDelegate.m */ = {isa = PBXFileReference; lastKnownFileType = sourcecode.c.objc; path = AppDelegate.m; sourceTree = "<group>"; };
		B97C70161A8BF8BF007E36A9 /* CollectionViewController.m */ = {isa = PBXFileReference; lastKnownFileType = sourcecode.c.objc; path = CollectionViewController.m; sourceTree = "<group>"; };
		B97C70171A8BF8BF007E36A9 /* Default-568h@2x.png */ = {isa = PBXFileReference; lastKnownFileType = image.png; path = "Default-568h@2x.png"; sourceTree = "<group>"; };
		B97C70181A8BF8BF007E36A9 /* Default.png */ = {isa = PBXFileReference; lastKnownFileType = image.png; path = Default.png; sourceTree = "<group>"; };
		B97C70191A8BF8BF007E36A9 /* Default@2x.png */ = {isa = PBXFileReference; lastKnownFileType = image.png; path = "Default@2x.png"; sourceTree = "<group>"; };
		B97C701B1A8BF8BF007E36A9 /* en */ = {isa = PBXFileReference; lastKnownFileType = text.plist.strings; name = en; path = en.lproj/InfoPlist.strings; sourceTree = "<group>"; };
		B97C701D1A8BF8BF007E36A9 /* en */ = {isa = PBXFileReference; lastKnownFileType = file.storyboard; name = en; path = en.lproj/MainStoryboard.storyboard; sourceTree = "<group>"; };
		B97C701E1A8BF8BF007E36A9 /* GestureViewController.m */ = {isa = PBXFileReference; lastKnownFileType = sourcecode.c.objc; path = GestureViewController.m; sourceTree = "<group>"; };
		B97C701F1A8BF8BF007E36A9 /* index.html */ = {isa = PBXFileReference; lastKnownFileType = text.html; path = index.html; sourceTree = "<group>"; };
		B97C70201A8BF8BF007E36A9 /* main.m */ = {isa = PBXFileReference; lastKnownFileType = sourcecode.c.objc; path = main.m; sourceTree = "<group>"; };
		B97C70211A8BF8BF007E36A9 /* page2.html */ = {isa = PBXFileReference; lastKnownFileType = text.html; path = page2.html; sourceTree = "<group>"; };
		B97C70221A8BF8BF007E36A9 /* PickerController.m */ = {isa = PBXFileReference; lastKnownFileType = sourcecode.c.objc; path = PickerController.m; sourceTree = "<group>"; };
		B97C70231A8BF8BF007E36A9 /* ScrollViewController.m */ = {isa = PBXFileReference; lastKnownFileType = sourcecode.c.objc; path = ScrollViewController.m; sourceTree = "<group>"; };
		B97C70241A8BF8BF007E36A9 /* ShowHideViewController.m */ = {isa = PBXFileReference; lastKnownFileType = sourcecode.c.objc; path = ShowHideViewController.m; sourceTree = "<group>"; };
		B97C70251A8BF8BF007E36A9 /* SystemAlertViewController.m */ = {isa = PBXFileReference; lastKnownFileType = sourcecode.c.objc; path = SystemAlertViewController.m; sourceTree = "<group>"; };
		B97C70261A8BF8BF007E36A9 /* TableViewController.m */ = {isa = PBXFileReference; lastKnownFileType = sourcecode.c.objc; path = TableViewController.m; sourceTree = "<group>"; };
		B97C70271A8BF8BF007E36A9 /* TapViewController.m */ = {isa = PBXFileReference; lastKnownFileType = sourcecode.c.objc; path = TapViewController.m; sourceTree = "<group>"; };
		B97C70281A8BF8BF007E36A9 /* Test Host-Info.plist */ = {isa = PBXFileReference; lastKnownFileType = text.plist.xml; path = "Test Host-Info.plist"; sourceTree = "<group>"; };
		B97C70291A8BF8BF007E36A9 /* Test Host-Prefix.pch */ = {isa = PBXFileReference; lastKnownFileType = sourcecode.c.h; path = "Test Host-Prefix.pch"; sourceTree = "<group>"; };
		B97C702A1A8BF8BF007E36A9 /* TestSuiteViewController.m */ = {isa = PBXFileReference; lastKnownFileType = sourcecode.c.objc; path = TestSuiteViewController.m; sourceTree = "<group>"; };
		B97C702B1A8BF8BF007E36A9 /* WebViewController.m */ = {isa = PBXFileReference; lastKnownFileType = sourcecode.c.objc; path = WebViewController.m; sourceTree = "<group>"; };
		B97C70531A8BF985007E36A9 /* KIF.xcodeproj */ = {isa = PBXFileReference; lastKnownFileType = "wrapper.pb-project"; name = KIF.xcodeproj; path = Frameworks/KIF/KIF.xcodeproj; sourceTree = SOURCE_ROOT; };
		B97C70661A8BFA44007E36A9 /* CoreGraphics.framework */ = {isa = PBXFileReference; lastKnownFileType = wrapper.framework; name = CoreGraphics.framework; path = System/Library/Frameworks/CoreGraphics.framework; sourceTree = SDKROOT; };
/* End PBXFileReference section */

/* Begin PBXFrameworksBuildPhase section */
		B97C6D651A8BF0C7007E36A9 /* Frameworks */ = {
			isa = PBXFrameworksBuildPhase;
			buildActionMask = 2147483647;
			files = (
			);
			runOnlyForDeploymentPostprocessing = 0;
		};
		B97C6D7E1A8BF0C8007E36A9 /* Frameworks */ = {
			isa = PBXFrameworksBuildPhase;
			buildActionMask = 2147483647;
			files = (
				B97C70671A8BFA44007E36A9 /* CoreGraphics.framework in Frameworks */,
				B97C704F1A8BF8D9007E36A9 /* libKIF.a in Frameworks */,
			);
			runOnlyForDeploymentPostprocessing = 0;
		};
/* End PBXFrameworksBuildPhase section */

/* Begin PBXGroup section */
		B97C6D5F1A8BF0C7007E36A9 = {
			isa = PBXGroup;
			children = (
				B97C6D6A1A8BF0C7007E36A9 /* JGHKIFEvaluation */,
				B97C6D841A8BF0C8007E36A9 /* JGHKIFEvaluationTests */,
				B97C6D691A8BF0C7007E36A9 /* Products */,
				B97C6F551A8BF8BE007E36A9 /* Frameworks */,
			);
			sourceTree = "<group>";
		};
		B97C6D691A8BF0C7007E36A9 /* Products */ = {
			isa = PBXGroup;
			children = (
				B97C6D681A8BF0C7007E36A9 /* JGHKIFEvaluation.app */,
				B97C6D811A8BF0C8007E36A9 /* JGHKIFEvaluationTests.xctest */,
			);
			name = Products;
			sourceTree = "<group>";
		};
		B97C6D6A1A8BF0C7007E36A9 /* JGHKIFEvaluation */ = {
			isa = PBXGroup;
			children = (
				B97C6D6F1A8BF0C7007E36A9 /* JGHAppDelegate.h */,
				B97C6D701A8BF0C7007E36A9 /* JGHAppDelegate.m */,
				B97C6D721A8BF0C7007E36A9 /* JGHViewController.h */,
				B97C6D731A8BF0C7007E36A9 /* JGHViewController.m */,
				B97C6D911A8BF17B007E36A9 /* JGHKIFEvaluation-Prefix.pch */,
				B97C6D781A8BF0C7007E36A9 /* Images.xcassets */,
				B97C6D7A1A8BF0C7007E36A9 /* LaunchScreen.xib */,
				B97C6D6B1A8BF0C7007E36A9 /* Supporting Files */,
			);
			path = JGHKIFEvaluation;
			sourceTree = "<group>";
		};
		B97C6D6B1A8BF0C7007E36A9 /* Supporting Files */ = {
			isa = PBXGroup;
			children = (
				B97C6D6C1A8BF0C7007E36A9 /* Info.plist */,
				B97C6D6D1A8BF0C7007E36A9 /* main.m */,
			);
			name = "Supporting Files";
			sourceTree = "<group>";
		};
		B97C6D841A8BF0C8007E36A9 /* JGHKIFEvaluationTests */ = {
			isa = PBXGroup;
			children = (
				B97C70531A8BF985007E36A9 /* KIF.xcodeproj */,
				B97C6D871A8BF0C8007E36A9 /* JGHKIFEvaluationTests.m */,
				B97C6F521A8BF784007E36A9 /* JGHKIFEvaluationTests-Prefix.pch */,
				B97C6D851A8BF0C8007E36A9 /* Supporting Files */,
			);
			path = JGHKIFEvaluationTests;
			sourceTree = "<group>";
		};
		B97C6D851A8BF0C8007E36A9 /* Supporting Files */ = {
			isa = PBXGroup;
			children = (
				B97C6D861A8BF0C8007E36A9 /* Info.plist */,
			);
			name = "Supporting Files";
			sourceTree = "<group>";
		};
		B97C6F551A8BF8BE007E36A9 /* Frameworks */ = {
			isa = PBXGroup;
			children = (
				B97C70661A8BFA44007E36A9 /* CoreGraphics.framework */,
				B97C6F561A8BF8BE007E36A9 /* KIF */,
			);
			path = Frameworks;
			sourceTree = "<group>";
		};
		B97C6F561A8BF8BE007E36A9 /* KIF */ = {
			isa = PBXGroup;
			children = (
				B97C6F571A8BF8BE007E36A9 /* .gitignore */,
				B97C6F581A8BF8BE007E36A9 /* .travis.yml */,
				B97C6F591A8BF8BE007E36A9 /* Additions */,
				B97C6F771A8BF8BE007E36A9 /* Classes */,
				B97C6F8B1A8BF8BE007E36A9 /* Documentation */,
				B97C6FEC1A8BF8BF007E36A9 /* IdentifierTests */,
				B97C6FEF1A8BF8BF007E36A9 /* KIF Tests */,
				B97C700D1A8BF8BF007E36A9 /* KIF.podspec */,
				B97C700E1A8BF8BF007E36A9 /* KIF.xcodeproj */,
				B97C70111A8BF8BF007E36A9 /* LICENSE */,
				B97C70121A8BF8BF007E36A9 /* README.md */,
				B97C70131A8BF8BF007E36A9 /* Test Host */,
			);
			path = KIF;
			sourceTree = "<group>";
		};
		B97C6F591A8BF8BE007E36A9 /* Additions */ = {
			isa = PBXGroup;
			children = (
				B97C6F5A1A8BF8BE007E36A9 /* CGGeometry-KIFAdditions.h */,
				B97C6F5B1A8BF8BE007E36A9 /* CGGeometry-KIFAdditions.m */,
				B97C6F5C1A8BF8BE007E36A9 /* LoadableCategory.h */,
				B97C6F5D1A8BF8BE007E36A9 /* NSBundle-KIFAdditions.h */,
				B97C6F5E1A8BF8BE007E36A9 /* NSBundle-KIFAdditions.m */,
				B97C6F5F1A8BF8BE007E36A9 /* NSError-KIFAdditions.h */,
				B97C6F601A8BF8BE007E36A9 /* NSError-KIFAdditions.m */,
				B97C6F611A8BF8BE007E36A9 /* NSException-KIFAdditions.h */,
				B97C6F621A8BF8BE007E36A9 /* NSException-KIFAdditions.m */,
				B97C6F631A8BF8BE007E36A9 /* NSFileManager-KIFAdditions.h */,
				B97C6F641A8BF8BE007E36A9 /* NSFileManager-KIFAdditions.m */,
				B97C6F651A8BF8BE007E36A9 /* SenTestCase-KIFAdditions.h */,
				B97C6F661A8BF8BE007E36A9 /* SenTestCase-KIFAdditions.m */,
				B97C6F671A8BF8BE007E36A9 /* UIAccessibilityElement-KIFAdditions.h */,
				B97C6F681A8BF8BE007E36A9 /* UIAccessibilityElement-KIFAdditions.m */,
				B97C6F691A8BF8BE007E36A9 /* UIApplication-KIFAdditions.h */,
				B97C6F6A1A8BF8BE007E36A9 /* UIApplication-KIFAdditions.m */,
				B97C6F6B1A8BF8BE007E36A9 /* UIScrollView-KIFAdditions.h */,
				B97C6F6C1A8BF8BE007E36A9 /* UIScrollView-KIFAdditions.m */,
				B97C6F6D1A8BF8BE007E36A9 /* UITableView-KIFAdditions.h */,
				B97C6F6E1A8BF8BE007E36A9 /* UITableView-KIFAdditions.m */,
				B97C6F6F1A8BF8BE007E36A9 /* UITouch-KIFAdditions.h */,
				B97C6F701A8BF8BE007E36A9 /* UITouch-KIFAdditions.m */,
				B97C6F711A8BF8BE007E36A9 /* UIView-KIFAdditions.h */,
				B97C6F721A8BF8BE007E36A9 /* UIView-KIFAdditions.m */,
				B97C6F731A8BF8BE007E36A9 /* UIWindow-KIFAdditions.h */,
				B97C6F741A8BF8BE007E36A9 /* UIWindow-KIFAdditions.m */,
				B97C6F751A8BF8BE007E36A9 /* XCTestCase-KIFAdditions.h */,
				B97C6F761A8BF8BE007E36A9 /* XCTestCase-KIFAdditions.m */,
			);
			path = Additions;
			sourceTree = "<group>";
		};
		B97C6F771A8BF8BE007E36A9 /* Classes */ = {
			isa = PBXGroup;
			children = (
				B97C6F781A8BF8BE007E36A9 /* KIF-Prefix.pch */,
				B97C6F791A8BF8BE007E36A9 /* KIF-XCTestPrefix.pch */,
				B97C6F7A1A8BF8BE007E36A9 /* KIF.h */,
				B97C6F7B1A8BF8BE007E36A9 /* KIFSystemTestActor.h */,
				B97C6F7C1A8BF8BE007E36A9 /* KIFSystemTestActor.m */,
				B97C6F7D1A8BF8BE007E36A9 /* KIFTestActor.h */,
				B97C6F7E1A8BF8BE007E36A9 /* KIFTestActor.m */,
				B97C6F7F1A8BF8BE007E36A9 /* KIFTestCase.h */,
				B97C6F801A8BF8BE007E36A9 /* KIFTestCase.m */,
				B97C6F811A8BF8BE007E36A9 /* KIFTestStepValidation.h */,
				B97C6F821A8BF8BE007E36A9 /* KIFTestStepValidation.m */,
				B97C6F831A8BF8BE007E36A9 /* KIFTypist.h */,
				B97C6F841A8BF8BE007E36A9 /* KIFTypist.m */,
				B97C6F851A8BF8BE007E36A9 /* KIFUITestActor-ConditionalTests.h */,
				B97C6F861A8BF8BE007E36A9 /* KIFUITestActor-ConditionalTests.m */,
				B97C6F871A8BF8BE007E36A9 /* KIFUITestActor.h */,
				B97C6F881A8BF8BE007E36A9 /* KIFUITestActor.m */,
				B97C6F891A8BF8BE007E36A9 /* UIAutomationHelper.h */,
				B97C6F8A1A8BF8BE007E36A9 /* UIAutomationHelper.m */,
			);
			path = Classes;
			sourceTree = "<group>";
		};
		B97C6F8B1A8BF8BE007E36A9 /* Documentation */ = {
			isa = PBXGroup;
			children = (
				B97C6F8C1A8BF8BE007E36A9 /* Examples */,
				B97C6FDE1A8BF8BF007E36A9 /* Images */,
				B97C6FEB1A8BF8BF007E36A9 /* Test Action Composition.md */,
			);
			path = Documentation;
			sourceTree = "<group>";
		};
		B97C6F8C1A8BF8BE007E36A9 /* Examples */ = {
			isa = PBXGroup;
			children = (
				B97C6F8D1A8BF8BE007E36A9 /* Calculator */,
				B97C6FAE1A8BF8BE007E36A9 /* Testable */,
				B97C6FCA1A8BF8BE007E36A9 /* Testable Swift */,
			);
			path = Examples;
			sourceTree = "<group>";
		};
		B97C6F8D1A8BF8BE007E36A9 /* Calculator */ = {
			isa = PBXGroup;
			children = (
				B97C6F8E1A8BF8BE007E36A9 /* Acceptance Tests */,
				B97C6F941A8BF8BE007E36A9 /* Acceptance Tests copy-Info.plist */,
				B97C6F951A8BF8BE007E36A9 /* Calculator */,
				B97C6FAA1A8BF8BE007E36A9 /* Calculator.xcodeproj */,
			);
			path = Calculator;
			sourceTree = "<group>";
		};
		B97C6F8E1A8BF8BE007E36A9 /* Acceptance Tests */ = {
			isa = PBXGroup;
			children = (
				B97C6F8F1A8BF8BE007E36A9 /* Acceptance Tests-Info.plist */,
				B97C6F901A8BF8BE007E36A9 /* Acceptance Tests-Prefix.pch */,
				B97C6F911A8BF8BE007E36A9 /* BasicCalculatorTests.m */,
				B97C6F921A8BF8BE007E36A9 /* InfoPlist.strings */,
			);
			path = "Acceptance Tests";
			sourceTree = "<group>";
		};
		B97C6F951A8BF8BE007E36A9 /* Calculator */ = {
			isa = PBXGroup;
			children = (
				B97C6F961A8BF8BE007E36A9 /* AboutViewController.h */,
				B97C6F971A8BF8BE007E36A9 /* AboutViewController.m */,
				B97C6F981A8BF8BE007E36A9 /* AboutViewController.xib */,
				B97C6F991A8BF8BE007E36A9 /* AppDelegate.h */,
				B97C6F9A1A8BF8BE007E36A9 /* AppDelegate.m */,
				B97C6F9B1A8BF8BE007E36A9 /* BasicCalculatorViewController.h */,
				B97C6F9C1A8BF8BE007E36A9 /* BasicCalculatorViewController.m */,
				B97C6F9D1A8BF8BE007E36A9 /* Calculator-Info.plist */,
				B97C6F9E1A8BF8BE007E36A9 /* Calculator-Prefix.pch */,
				B97C6F9F1A8BF8BE007E36A9 /* Default-568h@2x.png */,
				B97C6FA01A8BF8BE007E36A9 /* Default.png */,
				B97C6FA11A8BF8BE007E36A9 /* Default@2x.png */,
				B97C6FA21A8BF8BE007E36A9 /* BasicCalculatorViewController.xib */,
				B97C6FA41A8BF8BE007E36A9 /* InfoPlist.strings */,
				B97C6FA61A8BF8BE007E36A9 /* HomeViewController.h */,
				B97C6FA71A8BF8BE007E36A9 /* HomeViewController.m */,
				B97C6FA81A8BF8BE007E36A9 /* HomeViewController.xib */,
				B97C6FA91A8BF8BE007E36A9 /* main.m */,
			);
			path = Calculator;
			sourceTree = "<group>";
		};
		B97C6FAB1A8BF8BE007E36A9 /* Products */ = {
			isa = PBXGroup;
			children = (
				B97C702F1A8BF8BF007E36A9 /* Calculator.app */,
				B97C70311A8BF8BF007E36A9 /* Acceptance Tests.octest */,
			);
			name = Products;
			sourceTree = "<group>";
		};
		B97C6FAE1A8BF8BE007E36A9 /* Testable */ = {
			isa = PBXGroup;
			children = (
				B97C6FAF1A8BF8BE007E36A9 /* Acceptance Tests */,
				B97C6FB71A8BF8BE007E36A9 /* Default-568h@2x.png */,
				B97C6FB81A8BF8BE007E36A9 /* Testable */,
				B97C6FC61A8BF8BE007E36A9 /* Testable.xcodeproj */,
				B97C6FC91A8BF8BE007E36A9 /* Testable.xcworkspace */,
			);
			path = Testable;
			sourceTree = "<group>";
		};
		B97C6FAF1A8BF8BE007E36A9 /* Acceptance Tests */ = {
			isa = PBXGroup;
			children = (
				B97C6FB01A8BF8BE007E36A9 /* Acceptance Tests-Info.plist */,
				B97C6FB11A8BF8BE007E36A9 /* Acceptance Tests-Prefix.pch */,
				B97C6FB21A8BF8BE007E36A9 /* InfoPlist.strings */,
				B97C6FB41A8BF8BE007E36A9 /* IntegrationTestCases.m */,
				B97C6FB51A8BF8BE007E36A9 /* KIFUITestActor+EXAddition.h */,
				B97C6FB61A8BF8BE007E36A9 /* KIFUITestActor+EXAddition.m */,
			);
			path = "Acceptance Tests";
			sourceTree = "<group>";
		};
		B97C6FB81A8BF8BE007E36A9 /* Testable */ = {
			isa = PBXGroup;
			children = (
				B97C6FB91A8BF8BE007E36A9 /* InfoPlist.strings */,
				B97C6FBB1A8BF8BE007E36A9 /* MainWindow.xib */,
				B97C6FBD1A8BF8BE007E36A9 /* RootViewController.xib */,
				B97C6FBF1A8BF8BE007E36A9 /* main.m */,
				B97C6FC01A8BF8BE007E36A9 /* RootViewController.h */,
				B97C6FC11A8BF8BE007E36A9 /* RootViewController.m */,
				B97C6FC21A8BF8BE007E36A9 /* Testable-Info.plist */,
				B97C6FC31A8BF8BE007E36A9 /* Testable-Prefix.pch */,
				B97C6FC41A8BF8BE007E36A9 /* TestableAppDelegate.h */,
				B97C6FC51A8BF8BE007E36A9 /* TestableAppDelegate.m */,
			);
			path = Testable;
			sourceTree = "<group>";
		};
		B97C6FC71A8BF8BE007E36A9 /* Products */ = {
			isa = PBXGroup;
			children = (
				B97C704B1A8BF8BF007E36A9 /* Testable.app */,
				B97C704D1A8BF8BF007E36A9 /* Acceptance Tests.octest */,
			);
			name = Products;
			sourceTree = "<group>";
		};
		B97C6FCA1A8BF8BE007E36A9 /* Testable Swift */ = {
			isa = PBXGroup;
			children = (
				B97C6FCB1A8BF8BE007E36A9 /* Testable Swift */,
				B97C6FD41A8BF8BE007E36A9 /* Testable Swift.xcodeproj */,
				B97C6FD81A8BF8BF007E36A9 /* Testable SwiftTests */,
			);
			path = "Testable Swift";
			sourceTree = "<group>";
		};
		B97C6FCB1A8BF8BE007E36A9 /* Testable Swift */ = {
			isa = PBXGroup;
			children = (
				B97C6FCC1A8BF8BE007E36A9 /* AppDelegate.swift */,
				B97C6FCD1A8BF8BE007E36A9 /* LaunchScreen.xib */,
				B97C6FCF1A8BF8BE007E36A9 /* Main.storyboard */,
				B97C6FD11A8BF8BE007E36A9 /* Images.xcassets */,
				B97C6FD21A8BF8BE007E36A9 /* Info.plist */,
				B97C6FD31A8BF8BE007E36A9 /* MasterViewController.swift */,
			);
			path = "Testable Swift";
			sourceTree = "<group>";
		};
		B97C6FD51A8BF8BE007E36A9 /* Products */ = {
			isa = PBXGroup;
			children = (
				B97C70451A8BF8BF007E36A9 /* Testable Swift.app */,
				B97C70471A8BF8BF007E36A9 /* Testable SwiftTests.xctest */,
			);
			name = Products;
			sourceTree = "<group>";
		};
		B97C6FD81A8BF8BF007E36A9 /* Testable SwiftTests */ = {
			isa = PBXGroup;
			children = (
				B97C6FD91A8BF8BF007E36A9 /* Info.plist */,
				B97C6FDA1A8BF8BF007E36A9 /* SimpleObjCTest.m */,
				B97C6FDB1A8BF8BF007E36A9 /* SimpleSwiftTest.swift */,
				B97C6FDC1A8BF8BF007E36A9 /* Testable SwiftTests-Bridging-Header.h */,
				B97C6FDD1A8BF8BF007E36A9 /* Testable_SwiftTests.swift */,
			);
			path = "Testable SwiftTests";
			sourceTree = "<group>";
		};
		B97C6FDE1A8BF8BF007E36A9 /* Images */ = {
			isa = PBXGroup;
			children = (
				B97C6FDF1A8BF8BF007E36A9 /* Add Category Linker Flags.png */,
				B97C6FE01A8BF8BF007E36A9 /* Add Header Search Paths.png */,
				B97C6FE11A8BF8BF007E36A9 /* Add KIF Preprocessor Macro.png */,
				B97C6FE21A8BF8BF007E36A9 /* Add Library Sheet.png */,
				B97C6FE31A8BF8BF007E36A9 /* Add Library.png */,
				B97C6FE41A8BF8BF007E36A9 /* Added KIF to Project.png */,
				B97C6FE51A8BF8BF007E36A9 /* Create Workspace.png */,
				B97C6FE61A8BF8BF007E36A9 /* Duplicate Target Confirmation.png */,
				B97C6FE71A8BF8BF007E36A9 /* Duplicate Target.png */,
				B97C6FE81A8BF8BF007E36A9 /* Rename Product.png */,
				B97C6FE91A8BF8BF007E36A9 /* Rename Target.png */,
				B97C6FEA1A8BF8BF007E36A9 /* Simple App.png */,
			);
			path = Images;
			sourceTree = "<group>";
		};
		B97C6FEC1A8BF8BF007E36A9 /* IdentifierTests */ = {
			isa = PBXGroup;
			children = (
				B97C6FED1A8BF8BF007E36A9 /* KIFUITestActor-IdentifierTests.h */,
				B97C6FEE1A8BF8BF007E36A9 /* KIFUITestActor-IdentifierTests.m */,
			);
			path = IdentifierTests;
			sourceTree = "<group>";
		};
		B97C6FEF1A8BF8BF007E36A9 /* KIF Tests */ = {
			isa = PBXGroup;
			children = (
				B97C6FF01A8BF8BF007E36A9 /* AccessibilityIdentifierTests.m */,
				B97C6FF11A8BF8BF007E36A9 /* CascadingFailureTests.m */,
				B97C6FF21A8BF8BF007E36A9 /* CollectionViewTests.m */,
				B97C6FF31A8BF8BF007E36A9 /* CompositionTests.m */,
				B97C6FF41A8BF8BF007E36A9 /* InfoPlist.strings */,
				B97C6FF61A8BF8BF007E36A9 /* ExistTests.m */,
				B97C6FF71A8BF8BF007E36A9 /* GestureTests.m */,
				B97C6FF81A8BF8BF007E36A9 /* KIF Tests-Info.plist */,
				B97C6FF91A8BF8BF007E36A9 /* KIF Tests-Prefix.pch */,
				B97C6FFA1A8BF8BF007E36A9 /* KIF XCTests-Prefix.pch */,
				B97C6FFB1A8BF8BF007E36A9 /* LandscapeTests.m */,
				B97C6FFC1A8BF8BF007E36A9 /* LongPressTests.m */,
				B97C6FFD1A8BF8BF007E36A9 /* ModalViewTests.m */,
				B97C6FFE1A8BF8BF007E36A9 /* MultiFingerTests.m */,
				B97C6FFF1A8BF8BF007E36A9 /* PickerTests.m */,
				B97C70001A8BF8BF007E36A9 /* ScrollViewTests.m */,
				B97C70011A8BF8BF007E36A9 /* SearchFieldTests.m */,
				B97C70021A8BF8BF007E36A9 /* SpecificControlTests.m */,
				B97C70031A8BF8BF007E36A9 /* SystemAlertTests.m */,
				B97C70041A8BF8BF007E36A9 /* SystemTests.m */,
				B97C70051A8BF8BF007E36A9 /* TableViewTests.m */,
				B97C70061A8BF8BF007E36A9 /* TappingTests.m */,
				B97C70071A8BF8BF007E36A9 /* TypingTests.m */,
				B97C70081A8BF8BF007E36A9 /* WaitForAbscenceTests.m */,
				B97C70091A8BF8BF007E36A9 /* WaitForAnimationTests.m */,
				B97C700A1A8BF8BF007E36A9 /* WaitForTappableViewTests.m */,
				B97C700B1A8BF8BF007E36A9 /* WaitForViewTests.m */,
				B97C700C1A8BF8BF007E36A9 /* WebViewTests.m */,
			);
			path = "KIF Tests";
			sourceTree = "<group>";
		};
		B97C700F1A8BF8BF007E36A9 /* Products */ = {
			isa = PBXGroup;
			children = (
				B97C70391A8BF8BF007E36A9 /* libKIF.a */,
				B97C703B1A8BF8BF007E36A9 /* libKIF-OCUnit.a */,
				B97C703D1A8BF8BF007E36A9 /* Test Host.app */,
				B97C703F1A8BF8BF007E36A9 /* KIF Tests - XCTest.xctest */,
				B97C70411A8BF8BF007E36A9 /* KIF Tests-OCUnit.octest */,
			);
			name = Products;
			sourceTree = "<group>";
		};
		B97C70131A8BF8BF007E36A9 /* Test Host */ = {
			isa = PBXGroup;
			children = (
				B97C70141A8BF8BF007E36A9 /* AnimationViewController.m */,
				B97C70151A8BF8BF007E36A9 /* AppDelegate.m */,
				B97C70161A8BF8BF007E36A9 /* CollectionViewController.m */,
				B97C70171A8BF8BF007E36A9 /* Default-568h@2x.png */,
				B97C70181A8BF8BF007E36A9 /* Default.png */,
				B97C70191A8BF8BF007E36A9 /* Default@2x.png */,
				B97C701A1A8BF8BF007E36A9 /* InfoPlist.strings */,
				B97C701C1A8BF8BF007E36A9 /* MainStoryboard.storyboard */,
				B97C701E1A8BF8BF007E36A9 /* GestureViewController.m */,
				B97C701F1A8BF8BF007E36A9 /* index.html */,
				B97C70201A8BF8BF007E36A9 /* main.m */,
				B97C70211A8BF8BF007E36A9 /* page2.html */,
				B97C70221A8BF8BF007E36A9 /* PickerController.m */,
				B97C70231A8BF8BF007E36A9 /* ScrollViewController.m */,
				B97C70241A8BF8BF007E36A9 /* ShowHideViewController.m */,
				B97C70251A8BF8BF007E36A9 /* SystemAlertViewController.m */,
				B97C70261A8BF8BF007E36A9 /* TableViewController.m */,
				B97C70271A8BF8BF007E36A9 /* TapViewController.m */,
				B97C70281A8BF8BF007E36A9 /* Test Host-Info.plist */,
				B97C70291A8BF8BF007E36A9 /* Test Host-Prefix.pch */,
				B97C702A1A8BF8BF007E36A9 /* TestSuiteViewController.m */,
				B97C702B1A8BF8BF007E36A9 /* WebViewController.m */,
			);
			path = "Test Host";
			sourceTree = "<group>";
		};
		B97C70541A8BF985007E36A9 /* Products */ = {
			isa = PBXGroup;
			children = (
				B97C705D1A8BF985007E36A9 /* libKIF.a */,
				B97C705F1A8BF985007E36A9 /* libKIF-OCUnit.a */,
				B97C70611A8BF985007E36A9 /* Test Host.app */,
				B97C70631A8BF985007E36A9 /* KIF Tests - XCTest.xctest */,
				B97C70651A8BF985007E36A9 /* KIF Tests-OCUnit.octest */,
			);
			name = Products;
			sourceTree = "<group>";
		};
/* End PBXGroup section */

/* Begin PBXNativeTarget section */
		B97C6D671A8BF0C7007E36A9 /* JGHKIFEvaluation */ = {
			isa = PBXNativeTarget;
			buildConfigurationList = B97C6D8B1A8BF0C8007E36A9 /* Build configuration list for PBXNativeTarget "JGHKIFEvaluation" */;
			buildPhases = (
				B97C6D641A8BF0C7007E36A9 /* Sources */,
				B97C6D651A8BF0C7007E36A9 /* Frameworks */,
				B97C6D661A8BF0C7007E36A9 /* Resources */,
			);
			buildRules = (
			);
			dependencies = (
			);
			name = JGHKIFEvaluation;
			productName = JGHKIFEvaluation;
			productReference = B97C6D681A8BF0C7007E36A9 /* JGHKIFEvaluation.app */;
			productType = "com.apple.product-type.application";
		};
		B97C6D801A8BF0C8007E36A9 /* JGHKIFEvaluationTests */ = {
			isa = PBXNativeTarget;
			buildConfigurationList = B97C6D8E1A8BF0C8007E36A9 /* Build configuration list for PBXNativeTarget "JGHKIFEvaluationTests" */;
			buildPhases = (
				B97C6D7D1A8BF0C8007E36A9 /* Sources */,
				B97C6D7E1A8BF0C8007E36A9 /* Frameworks */,
				B97C6D7F1A8BF0C8007E36A9 /* Resources */,
			);
			buildRules = (
			);
			dependencies = (
				B97C6D831A8BF0C8007E36A9 /* PBXTargetDependency */,
			);
			name = JGHKIFEvaluationTests;
			productName = JGHKIFEvaluationTests;
			productReference = B97C6D811A8BF0C8007E36A9 /* JGHKIFEvaluationTests.xctest */;
			productType = "com.apple.product-type.bundle.unit-test";
		};
/* End PBXNativeTarget section */

/* Begin PBXProject section */
		B97C6D601A8BF0C7007E36A9 /* Project object */ = {
			isa = PBXProject;
			attributes = {
				LastUpgradeCheck = 0610;
				ORGANIZATIONNAME = "Julian Grosshauser";
				TargetAttributes = {
					B97C6D671A8BF0C7007E36A9 = {
						CreatedOnToolsVersion = 6.1.1;
					};
					B97C6D801A8BF0C8007E36A9 = {
						CreatedOnToolsVersion = 6.1.1;
						TestTargetID = B97C6D671A8BF0C7007E36A9;
					};
				};
			};
			buildConfigurationList = B97C6D631A8BF0C7007E36A9 /* Build configuration list for PBXProject "JGHKIFEvaluation" */;
			compatibilityVersion = "Xcode 3.2";
			developmentRegion = English;
			hasScannedForEncodings = 0;
			knownRegions = (
				en,
				Base,
			);
			mainGroup = B97C6D5F1A8BF0C7007E36A9;
			productRefGroup = B97C6D691A8BF0C7007E36A9 /* Products */;
			projectDirPath = "";
			projectReferences = (
				{
					ProductGroup = B97C6FAB1A8BF8BE007E36A9 /* Products */;
					ProjectRef = B97C6FAA1A8BF8BE007E36A9 /* Calculator.xcodeproj */;
				},
				{
					ProductGroup = B97C70541A8BF985007E36A9 /* Products */;
					ProjectRef = B97C70531A8BF985007E36A9 /* KIF.xcodeproj */;
				},
				{
					ProductGroup = B97C700F1A8BF8BF007E36A9 /* Products */;
					ProjectRef = B97C700E1A8BF8BF007E36A9 /* KIF.xcodeproj */;
				},
				{
					ProductGroup = B97C6FD51A8BF8BE007E36A9 /* Products */;
					ProjectRef = B97C6FD41A8BF8BE007E36A9 /* Testable Swift.xcodeproj */;
				},
				{
					ProductGroup = B97C6FC71A8BF8BE007E36A9 /* Products */;
					ProjectRef = B97C6FC61A8BF8BE007E36A9 /* Testable.xcodeproj */;
				},
			);
			projectRoot = "";
			targets = (
				B97C6D671A8BF0C7007E36A9 /* JGHKIFEvaluation */,
				B97C6D801A8BF0C8007E36A9 /* JGHKIFEvaluationTests */,
			);
		};
/* End PBXProject section */

/* Begin PBXReferenceProxy section */
		B97C702F1A8BF8BF007E36A9 /* Calculator.app */ = {
			isa = PBXReferenceProxy;
			fileType = wrapper.application;
			path = Calculator.app;
			remoteRef = B97C702E1A8BF8BF007E36A9 /* PBXContainerItemProxy */;
			sourceTree = BUILT_PRODUCTS_DIR;
		};
		B97C70311A8BF8BF007E36A9 /* Acceptance Tests.octest */ = {
			isa = PBXReferenceProxy;
			fileType = wrapper.cfbundle;
			path = "Acceptance Tests.octest";
			remoteRef = B97C70301A8BF8BF007E36A9 /* PBXContainerItemProxy */;
			sourceTree = BUILT_PRODUCTS_DIR;
		};
		B97C70391A8BF8BF007E36A9 /* libKIF.a */ = {
			isa = PBXReferenceProxy;
			fileType = archive.ar;
			path = libKIF.a;
			remoteRef = B97C70381A8BF8BF007E36A9 /* PBXContainerItemProxy */;
			sourceTree = BUILT_PRODUCTS_DIR;
		};
		B97C703B1A8BF8BF007E36A9 /* libKIF-OCUnit.a */ = {
			isa = PBXReferenceProxy;
			fileType = archive.ar;
			path = "libKIF-OCUnit.a";
			remoteRef = B97C703A1A8BF8BF007E36A9 /* PBXContainerItemProxy */;
			sourceTree = BUILT_PRODUCTS_DIR;
		};
		B97C703D1A8BF8BF007E36A9 /* Test Host.app */ = {
			isa = PBXReferenceProxy;
			fileType = wrapper.application;
			path = "Test Host.app";
			remoteRef = B97C703C1A8BF8BF007E36A9 /* PBXContainerItemProxy */;
			sourceTree = BUILT_PRODUCTS_DIR;
		};
		B97C703F1A8BF8BF007E36A9 /* KIF Tests - XCTest.xctest */ = {
			isa = PBXReferenceProxy;
			fileType = wrapper.cfbundle;
			path = "KIF Tests - XCTest.xctest";
			remoteRef = B97C703E1A8BF8BF007E36A9 /* PBXContainerItemProxy */;
			sourceTree = BUILT_PRODUCTS_DIR;
		};
		B97C70411A8BF8BF007E36A9 /* KIF Tests-OCUnit.octest */ = {
			isa = PBXReferenceProxy;
			fileType = wrapper.cfbundle;
			path = "KIF Tests-OCUnit.octest";
			remoteRef = B97C70401A8BF8BF007E36A9 /* PBXContainerItemProxy */;
			sourceTree = BUILT_PRODUCTS_DIR;
		};
		B97C70451A8BF8BF007E36A9 /* Testable Swift.app */ = {
			isa = PBXReferenceProxy;
			fileType = wrapper.application;
			path = "Testable Swift.app";
			remoteRef = B97C70441A8BF8BF007E36A9 /* PBXContainerItemProxy */;
			sourceTree = BUILT_PRODUCTS_DIR;
		};
		B97C70471A8BF8BF007E36A9 /* Testable SwiftTests.xctest */ = {
			isa = PBXReferenceProxy;
			fileType = wrapper.cfbundle;
			path = "Testable SwiftTests.xctest";
			remoteRef = B97C70461A8BF8BF007E36A9 /* PBXContainerItemProxy */;
			sourceTree = BUILT_PRODUCTS_DIR;
		};
		B97C704B1A8BF8BF007E36A9 /* Testable.app */ = {
			isa = PBXReferenceProxy;
			fileType = wrapper.application;
			path = Testable.app;
			remoteRef = B97C704A1A8BF8BF007E36A9 /* PBXContainerItemProxy */;
			sourceTree = BUILT_PRODUCTS_DIR;
		};
		B97C704D1A8BF8BF007E36A9 /* Acceptance Tests.octest */ = {
			isa = PBXReferenceProxy;
			fileType = wrapper.cfbundle;
			path = "Acceptance Tests.octest";
			remoteRef = B97C704C1A8BF8BF007E36A9 /* PBXContainerItemProxy */;
			sourceTree = BUILT_PRODUCTS_DIR;
		};
		B97C705D1A8BF985007E36A9 /* libKIF.a */ = {
			isa = PBXReferenceProxy;
			fileType = archive.ar;
			path = libKIF.a;
			remoteRef = B97C705C1A8BF985007E36A9 /* PBXContainerItemProxy */;
			sourceTree = BUILT_PRODUCTS_DIR;
		};
		B97C705F1A8BF985007E36A9 /* libKIF-OCUnit.a */ = {
			isa = PBXReferenceProxy;
			fileType = archive.ar;
			path = "libKIF-OCUnit.a";
			remoteRef = B97C705E1A8BF985007E36A9 /* PBXContainerItemProxy */;
			sourceTree = BUILT_PRODUCTS_DIR;
		};
		B97C70611A8BF985007E36A9 /* Test Host.app */ = {
			isa = PBXReferenceProxy;
			fileType = wrapper.application;
			path = "Test Host.app";
			remoteRef = B97C70601A8BF985007E36A9 /* PBXContainerItemProxy */;
			sourceTree = BUILT_PRODUCTS_DIR;
		};
		B97C70631A8BF985007E36A9 /* KIF Tests - XCTest.xctest */ = {
			isa = PBXReferenceProxy;
			fileType = wrapper.cfbundle;
			path = "KIF Tests - XCTest.xctest";
			remoteRef = B97C70621A8BF985007E36A9 /* PBXContainerItemProxy */;
			sourceTree = BUILT_PRODUCTS_DIR;
		};
		B97C70651A8BF985007E36A9 /* KIF Tests-OCUnit.octest */ = {
			isa = PBXReferenceProxy;
			fileType = wrapper.cfbundle;
			path = "KIF Tests-OCUnit.octest";
			remoteRef = B97C70641A8BF985007E36A9 /* PBXContainerItemProxy */;
			sourceTree = BUILT_PRODUCTS_DIR;
		};
/* End PBXReferenceProxy section */

/* Begin PBXResourcesBuildPhase section */
		B97C6D661A8BF0C7007E36A9 /* Resources */ = {
			isa = PBXResourcesBuildPhase;
			buildActionMask = 2147483647;
			files = (
				B97C6D7C1A8BF0C7007E36A9 /* LaunchScreen.xib in Resources */,
				B97C6D791A8BF0C7007E36A9 /* Images.xcassets in Resources */,
			);
			runOnlyForDeploymentPostprocessing = 0;
		};
		B97C6D7F1A8BF0C8007E36A9 /* Resources */ = {
			isa = PBXResourcesBuildPhase;
			buildActionMask = 2147483647;
			files = (
			);
			runOnlyForDeploymentPostprocessing = 0;
		};
/* End PBXResourcesBuildPhase section */

/* Begin PBXSourcesBuildPhase section */
		B97C6D641A8BF0C7007E36A9 /* Sources */ = {
			isa = PBXSourcesBuildPhase;
			buildActionMask = 2147483647;
			files = (
				B97C6D741A8BF0C7007E36A9 /* JGHViewController.m in Sources */,
				B97C6D711A8BF0C7007E36A9 /* JGHAppDelegate.m in Sources */,
				B97C6D6E1A8BF0C7007E36A9 /* main.m in Sources */,
			);
			runOnlyForDeploymentPostprocessing = 0;
		};
		B97C6D7D1A8BF0C8007E36A9 /* Sources */ = {
			isa = PBXSourcesBuildPhase;
			buildActionMask = 2147483647;
			files = (
				B97C6D881A8BF0C8007E36A9 /* JGHKIFEvaluationTests.m in Sources */,
			);
			runOnlyForDeploymentPostprocessing = 0;
		};
/* End PBXSourcesBuildPhase section */

/* Begin PBXTargetDependency section */
		B97C6D831A8BF0C8007E36A9 /* PBXTargetDependency */ = {
			isa = PBXTargetDependency;
			target = B97C6D671A8BF0C7007E36A9 /* JGHKIFEvaluation */;
			targetProxy = B97C6D821A8BF0C8007E36A9 /* PBXContainerItemProxy */;
		};
/* End PBXTargetDependency section */

/* Begin PBXVariantGroup section */
		B97C6D7A1A8BF0C7007E36A9 /* LaunchScreen.xib */ = {
			isa = PBXVariantGroup;
			children = (
				B97C6D7B1A8BF0C7007E36A9 /* Base */,
			);
			name = LaunchScreen.xib;
			sourceTree = "<group>";
		};
		B97C6F921A8BF8BE007E36A9 /* InfoPlist.strings */ = {
			isa = PBXVariantGroup;
			children = (
				B97C6F931A8BF8BE007E36A9 /* en */,
			);
			name = InfoPlist.strings;
			sourceTree = "<group>";
		};
		B97C6FA21A8BF8BE007E36A9 /* BasicCalculatorViewController.xib */ = {
			isa = PBXVariantGroup;
			children = (
				B97C6FA31A8BF8BE007E36A9 /* en */,
			);
			name = BasicCalculatorViewController.xib;
			sourceTree = "<group>";
		};
		B97C6FA41A8BF8BE007E36A9 /* InfoPlist.strings */ = {
			isa = PBXVariantGroup;
			children = (
				B97C6FA51A8BF8BE007E36A9 /* en */,
			);
			name = InfoPlist.strings;
			sourceTree = "<group>";
		};
		B97C6FB21A8BF8BE007E36A9 /* InfoPlist.strings */ = {
			isa = PBXVariantGroup;
			children = (
				B97C6FB31A8BF8BE007E36A9 /* en */,
			);
			name = InfoPlist.strings;
			sourceTree = "<group>";
		};
		B97C6FB91A8BF8BE007E36A9 /* InfoPlist.strings */ = {
			isa = PBXVariantGroup;
			children = (
				B97C6FBA1A8BF8BE007E36A9 /* en */,
			);
			name = InfoPlist.strings;
			sourceTree = "<group>";
		};
		B97C6FBB1A8BF8BE007E36A9 /* MainWindow.xib */ = {
			isa = PBXVariantGroup;
			children = (
				B97C6FBC1A8BF8BE007E36A9 /* en */,
			);
			name = MainWindow.xib;
			sourceTree = "<group>";
		};
		B97C6FBD1A8BF8BE007E36A9 /* RootViewController.xib */ = {
			isa = PBXVariantGroup;
			children = (
				B97C6FBE1A8BF8BE007E36A9 /* en */,
			);
			name = RootViewController.xib;
			sourceTree = "<group>";
		};
		B97C6FCD1A8BF8BE007E36A9 /* LaunchScreen.xib */ = {
			isa = PBXVariantGroup;
			children = (
				B97C6FCE1A8BF8BE007E36A9 /* Base */,
			);
			name = LaunchScreen.xib;
			sourceTree = "<group>";
		};
		B97C6FCF1A8BF8BE007E36A9 /* Main.storyboard */ = {
			isa = PBXVariantGroup;
			children = (
				B97C6FD01A8BF8BE007E36A9 /* Base */,
			);
			name = Main.storyboard;
			sourceTree = "<group>";
		};
		B97C6FF41A8BF8BF007E36A9 /* InfoPlist.strings */ = {
			isa = PBXVariantGroup;
			children = (
				B97C6FF51A8BF8BF007E36A9 /* en */,
			);
			name = InfoPlist.strings;
			sourceTree = "<group>";
		};
		B97C701A1A8BF8BF007E36A9 /* InfoPlist.strings */ = {
			isa = PBXVariantGroup;
			children = (
				B97C701B1A8BF8BF007E36A9 /* en */,
			);
			name = InfoPlist.strings;
			sourceTree = "<group>";
		};
		B97C701C1A8BF8BF007E36A9 /* MainStoryboard.storyboard */ = {
			isa = PBXVariantGroup;
			children = (
				B97C701D1A8BF8BF007E36A9 /* en */,
			);
			name = MainStoryboard.storyboard;
			sourceTree = "<group>";
		};
/* End PBXVariantGroup section */

/* Begin XCBuildConfiguration section */
		B97C6D891A8BF0C8007E36A9 /* Debug */ = {
			isa = XCBuildConfiguration;
			buildSettings = {
				ALWAYS_SEARCH_USER_PATHS = NO;
				CLANG_CXX_LANGUAGE_STANDARD = "gnu++0x";
				CLANG_CXX_LIBRARY = "libc++";
				CLANG_ENABLE_MODULES = YES;
				CLANG_ENABLE_OBJC_ARC = YES;
				CLANG_WARN_BOOL_CONVERSION = YES;
				CLANG_WARN_CONSTANT_CONVERSION = YES;
				CLANG_WARN_DIRECT_OBJC_ISA_USAGE = YES_ERROR;
				CLANG_WARN_EMPTY_BODY = YES;
				CLANG_WARN_ENUM_CONVERSION = YES;
				CLANG_WARN_INT_CONVERSION = YES;
				CLANG_WARN_OBJC_ROOT_CLASS = YES_ERROR;
				CLANG_WARN_UNREACHABLE_CODE = YES;
				CLANG_WARN__DUPLICATE_METHOD_MATCH = YES;
				"CODE_SIGN_IDENTITY[sdk=iphoneos*]" = "iPhone Developer";
				COPY_PHASE_STRIP = NO;
				ENABLE_STRICT_OBJC_MSGSEND = YES;
				GCC_C_LANGUAGE_STANDARD = gnu99;
				GCC_DYNAMIC_NO_PIC = NO;
				GCC_OPTIMIZATION_LEVEL = 0;
				GCC_PRECOMPILE_PREFIX_HEADER = NO;
				GCC_PREFIX_HEADER = "";
				GCC_PREPROCESSOR_DEFINITIONS = (
					"DEBUG=1",
					"$(inherited)",
				);
				GCC_SYMBOLS_PRIVATE_EXTERN = NO;
				GCC_WARN_64_TO_32_BIT_CONVERSION = YES;
				GCC_WARN_ABOUT_RETURN_TYPE = YES_ERROR;
				GCC_WARN_UNDECLARED_SELECTOR = YES;
				GCC_WARN_UNINITIALIZED_AUTOS = YES_AGGRESSIVE;
				GCC_WARN_UNUSED_FUNCTION = YES;
				GCC_WARN_UNUSED_VARIABLE = YES;
				IPHONEOS_DEPLOYMENT_TARGET = 8.1;
				MTL_ENABLE_DEBUG_INFO = YES;
				ONLY_ACTIVE_ARCH = YES;
				SDKROOT = iphoneos;
				TARGETED_DEVICE_FAMILY = "1,2";
			};
			name = Debug;
		};
		B97C6D8A1A8BF0C8007E36A9 /* Release */ = {
			isa = XCBuildConfiguration;
			buildSettings = {
				ALWAYS_SEARCH_USER_PATHS = NO;
				CLANG_CXX_LANGUAGE_STANDARD = "gnu++0x";
				CLANG_CXX_LIBRARY = "libc++";
				CLANG_ENABLE_MODULES = YES;
				CLANG_ENABLE_OBJC_ARC = YES;
				CLANG_WARN_BOOL_CONVERSION = YES;
				CLANG_WARN_CONSTANT_CONVERSION = YES;
				CLANG_WARN_DIRECT_OBJC_ISA_USAGE = YES_ERROR;
				CLANG_WARN_EMPTY_BODY = YES;
				CLANG_WARN_ENUM_CONVERSION = YES;
				CLANG_WARN_INT_CONVERSION = YES;
				CLANG_WARN_OBJC_ROOT_CLASS = YES_ERROR;
				CLANG_WARN_UNREACHABLE_CODE = YES;
				CLANG_WARN__DUPLICATE_METHOD_MATCH = YES;
				"CODE_SIGN_IDENTITY[sdk=iphoneos*]" = "iPhone Developer";
				COPY_PHASE_STRIP = YES;
				ENABLE_NS_ASSERTIONS = NO;
				ENABLE_STRICT_OBJC_MSGSEND = YES;
				GCC_C_LANGUAGE_STANDARD = gnu99;
				GCC_PRECOMPILE_PREFIX_HEADER = NO;
				GCC_PREFIX_HEADER = "";
				GCC_WARN_64_TO_32_BIT_CONVERSION = YES;
				GCC_WARN_ABOUT_RETURN_TYPE = YES_ERROR;
				GCC_WARN_UNDECLARED_SELECTOR = YES;
				GCC_WARN_UNINITIALIZED_AUTOS = YES_AGGRESSIVE;
				GCC_WARN_UNUSED_FUNCTION = YES;
				GCC_WARN_UNUSED_VARIABLE = YES;
				IPHONEOS_DEPLOYMENT_TARGET = 8.1;
				MTL_ENABLE_DEBUG_INFO = NO;
				SDKROOT = iphoneos;
				TARGETED_DEVICE_FAMILY = "1,2";
				VALIDATE_PRODUCT = YES;
			};
			name = Release;
		};
		B97C6D8C1A8BF0C8007E36A9 /* Debug */ = {
			isa = XCBuildConfiguration;
			buildSettings = {
				ASSETCATALOG_COMPILER_APPICON_NAME = AppIcon;
				GCC_PRECOMPILE_PREFIX_HEADER = YES;
				GCC_PREFIX_HEADER = "$(PROJECT_DIR)/$(PRODUCT_NAME)/$(PRODUCT_NAME)-Prefix.pch";
				INFOPLIST_FILE = JGHKIFEvaluation/Info.plist;
				LD_RUNPATH_SEARCH_PATHS = "$(inherited) @executable_path/Frameworks";
				PRODUCT_NAME = "$(TARGET_NAME)";
			};
			name = Debug;
		};
		B97C6D8D1A8BF0C8007E36A9 /* Release */ = {
			isa = XCBuildConfiguration;
			buildSettings = {
				ASSETCATALOG_COMPILER_APPICON_NAME = AppIcon;
				GCC_PRECOMPILE_PREFIX_HEADER = YES;
				GCC_PREFIX_HEADER = "$(PROJECT_DIR)/$(PRODUCT_NAME)/$(PRODUCT_NAME)-Prefix.pch";
				INFOPLIST_FILE = JGHKIFEvaluation/Info.plist;
				LD_RUNPATH_SEARCH_PATHS = "$(inherited) @executable_path/Frameworks";
				PRODUCT_NAME = "$(TARGET_NAME)";
			};
			name = Release;
		};
		B97C6D8F1A8BF0C8007E36A9 /* Debug */ = {
			isa = XCBuildConfiguration;
			buildSettings = {
				BUNDLE_LOADER = "$(TEST_HOST)";
				FRAMEWORK_SEARCH_PATHS = (
					"$(SDKROOT)/Developer/Library/Frameworks",
					"$(inherited)",
				);
				GCC_PRECOMPILE_PREFIX_HEADER = YES;
				GCC_PREFIX_HEADER = "$(PROJECT_DIR)/$(PRODUCT_NAME)/$(PRODUCT_NAME)-Prefix.pch";
				GCC_PREPROCESSOR_DEFINITIONS = (
					"DEBUG=1",
					"$(inherited)",
				);
				INFOPLIST_FILE = JGHKIFEvaluationTests/Info.plist;
				LD_RUNPATH_SEARCH_PATHS = "$(inherited) @executable_path/Frameworks";
				LIBRARY_SEARCH_PATHS = "$(inherited)";
				OTHER_LDFLAGS = (
					"$(inherited)",
					"-framework",
					XCTest,
					"-ObjC",
				);
				PRODUCT_NAME = "$(TARGET_NAME)";
				TEST_HOST = "$(BUILT_PRODUCTS_DIR)/JGHKIFEvaluation.app/JGHKIFEvaluation";
			};
			name = Debug;
		};
		B97C6D901A8BF0C8007E36A9 /* Release */ = {
			isa = XCBuildConfiguration;
			buildSettings = {
				BUNDLE_LOADER = "$(TEST_HOST)";
				FRAMEWORK_SEARCH_PATHS = (
					"$(SDKROOT)/Developer/Library/Frameworks",
					"$(inherited)",
				);
				GCC_PRECOMPILE_PREFIX_HEADER = YES;
				GCC_PREFIX_HEADER = "$(PROJECT_DIR)/$(PRODUCT_NAME)/$(PRODUCT_NAME)-Prefix.pch";
				INFOPLIST_FILE = JGHKIFEvaluationTests/Info.plist;
				LD_RUNPATH_SEARCH_PATHS = "$(inherited) @executable_path/Frameworks";
				LIBRARY_SEARCH_PATHS = "$(inherited)";
				OTHER_LDFLAGS = (
					"$(inherited)",
					"-framework",
					XCTest,
					"-ObjC",
				);
				PRODUCT_NAME = "$(TARGET_NAME)";
				TEST_HOST = "$(BUILT_PRODUCTS_DIR)/JGHKIFEvaluation.app/JGHKIFEvaluation";
			};
			name = Release;
		};
/* End XCBuildConfiguration section */

/* Begin XCConfigurationList section */
		B97C6D631A8BF0C7007E36A9 /* Build configuration list for PBXProject "JGHKIFEvaluation" */ = {
			isa = XCConfigurationList;
			buildConfigurations = (
				B97C6D891A8BF0C8007E36A9 /* Debug */,
				B97C6D8A1A8BF0C8007E36A9 /* Release */,
			);
			defaultConfigurationIsVisible = 0;
			defaultConfigurationName = Release;
		};
		B97C6D8B1A8BF0C8007E36A9 /* Build configuration list for PBXNativeTarget "JGHKIFEvaluation" */ = {
			isa = XCConfigurationList;
			buildConfigurations = (
				B97C6D8C1A8BF0C8007E36A9 /* Debug */,
				B97C6D8D1A8BF0C8007E36A9 /* Release */,
			);
			defaultConfigurationIsVisible = 0;
			defaultConfigurationName = Release;
		};
		B97C6D8E1A8BF0C8007E36A9 /* Build configuration list for PBXNativeTarget "JGHKIFEvaluationTests" */ = {
			isa = XCConfigurationList;
			buildConfigurations = (
				B97C6D8F1A8BF0C8007E36A9 /* Debug */,
				B97C6D901A8BF0C8007E36A9 /* Release */,
			);
			defaultConfigurationIsVisible = 0;
			defaultConfigurationName = Release;
		};
/* End XCConfigurationList section */
	};
	rootObject = B97C6D601A8BF0C7007E36A9 /* Project object */;
}
